// !$*UTF8*$!
{
	archiveVersion = 1;
	classes = {
	};
	objectVersion = 50;
	objects = {

/* Begin PBXBuildFile section */
		555A2CC123D6F27F008B71C5 /* builder-problem1.png in Resources */ = {isa = PBXBuildFile; fileRef = 555A2CBD23D6F27F008B71C5 /* builder-problem1.png */; };
		555A2CC223D6F27F008B71C5 /* builder-solution.png in Resources */ = {isa = PBXBuildFile; fileRef = 555A2CBE23D6F27F008B71C5 /* builder-solution.png */; };
		555A2CC323D6F27F008B71C5 /* builder-problem2.png in Resources */ = {isa = PBXBuildFile; fileRef = 555A2CBF23D6F27F008B71C5 /* builder-problem2.png */; };
		555A2CC423D6F27F008B71C5 /* builder-director.png in Resources */ = {isa = PBXBuildFile; fileRef = 555A2CC023D6F27F008B71C5 /* builder-director.png */; };
		555A2CC623D6F2F3008B71C5 /* builder-structure.png in Resources */ = {isa = PBXBuildFile; fileRef = 555A2CC523D6F2F3008B71C5 /* builder-structure.png */; };
		555A2CC823D6F479008B71C5 /* builder-comic.png in Resources */ = {isa = PBXBuildFile; fileRef = 555A2CC723D6F479008B71C5 /* builder-comic.png */; };
		5564E95123A926DE0016C533 /* DPTester.swift in Sources */ = {isa = PBXBuildFile; fileRef = 5564E95023A926DE0016C533 /* DPTester.swift */; };
		55B0CF3723A8A60200D4EADB /* AppDelegate.swift in Sources */ = {isa = PBXBuildFile; fileRef = 55B0CF3623A8A60200D4EADB /* AppDelegate.swift */; };
		55B0CF3923A8A60200D4EADB /* SceneDelegate.swift in Sources */ = {isa = PBXBuildFile; fileRef = 55B0CF3823A8A60200D4EADB /* SceneDelegate.swift */; };
		55B0CF3B23A8A60300D4EADB /* ContentView.swift in Sources */ = {isa = PBXBuildFile; fileRef = 55B0CF3A23A8A60300D4EADB /* ContentView.swift */; };
		55B0CF3D23A8A60500D4EADB /* Assets.xcassets in Resources */ = {isa = PBXBuildFile; fileRef = 55B0CF3C23A8A60500D4EADB /* Assets.xcassets */; };
		55B0CF4023A8A60500D4EADB /* Preview Assets.xcassets in Resources */ = {isa = PBXBuildFile; fileRef = 55B0CF3F23A8A60500D4EADB /* Preview Assets.xcassets */; };
		55B0CF4323A8A60500D4EADB /* LaunchScreen.storyboard in Resources */ = {isa = PBXBuildFile; fileRef = 55B0CF4123A8A60500D4EADB /* LaunchScreen.storyboard */; };
		55E4F44D23ABCA5700B7BE6A /* structure-object-adapter.png in Resources */ = {isa = PBXBuildFile; fileRef = 55E4F44C23ABCA5700B7BE6A /* structure-object-adapter.png */; };
		55EA2ECA25398CEA00842881 /* BCoreDataProvider.swift in Sources */ = {isa = PBXBuildFile; fileRef = 55EA2E7A25398CE900842881 /* BCoreDataProvider.swift */; };
		55EA2ECB25398CEA00842881 /* BRealmProvider.swift in Sources */ = {isa = PBXBuildFile; fileRef = 55EA2E7B25398CE900842881 /* BRealmProvider.swift */; };
		55EA2ECC25398CEA00842881 /* BDomainModel.swift in Sources */ = {isa = PBXBuildFile; fileRef = 55EA2E7D25398CE900842881 /* BDomainModel.swift */; };
		55EA2ECD25398CEA00842881 /* BUserModel.swift in Sources */ = {isa = PBXBuildFile; fileRef = 55EA2E7E25398CE900842881 /* BUserModel.swift */; };
		55EA2ECF25398CEA00842881 /* BRealmQueryBuilder.swift in Sources */ = {isa = PBXBuildFile; fileRef = 55EA2E8125398CE900842881 /* BRealmQueryBuilder.swift */; };
		55EA2ED025398CEA00842881 /* BBaseQueryBuilder.swift in Sources */ = {isa = PBXBuildFile; fileRef = 55EA2E8225398CE900842881 /* BBaseQueryBuilder.swift */; };
		55EA2ED125398CEA00842881 /* BCoreDataQueryBuilder.swift in Sources */ = {isa = PBXBuildFile; fileRef = 55EA2E8325398CE900842881 /* BCoreDataQueryBuilder.swift */; };
		55EA2ED225398CEA00842881 /* DBBTester.swift in Sources */ = {isa = PBXBuildFile; fileRef = 55EA2E8425398CE900842881 /* DBBTester.swift */; };
		55EA2ED325398CEA00842881 /* ADroneAdapter.swift in Sources */ = {isa = PBXBuildFile; fileRef = 55EA2E8C25398CE900842881 /* ADroneAdapter.swift */; };
		55EA2ED425398CEA00842881 /* ATurkey.swift in Sources */ = {isa = PBXBuildFile; fileRef = 55EA2E8F25398CE900842881 /* ATurkey.swift */; };
		55EA2ED525398CEA00842881 /* AWildTurkey.swift in Sources */ = {isa = PBXBuildFile; fileRef = 55EA2E9025398CE900842881 /* AWildTurkey.swift */; };
		55EA2ED625398CEA00842881 /* AMallardDuck.swift in Sources */ = {isa = PBXBuildFile; fileRef = 55EA2E9225398CE900842881 /* AMallardDuck.swift */; };
		55EA2ED725398CEA00842881 /* ADuck.swift in Sources */ = {isa = PBXBuildFile; fileRef = 55EA2E9325398CE900842881 /* ADuck.swift */; };
		55EA2ED825398CEA00842881 /* ADrone.swift in Sources */ = {isa = PBXBuildFile; fileRef = 55EA2E9525398CE900842881 /* ADrone.swift */; };
		55EA2ED925398CEA00842881 /* ASuperDrone.swift in Sources */ = {isa = PBXBuildFile; fileRef = 55EA2E9625398CE900842881 /* ASuperDrone.swift */; };
		55EA2EDB25398CEA00842881 /* ATurkeyAdapter.swift in Sources */ = {isa = PBXBuildFile; fileRef = 55EA2E9825398CE900842881 /* ATurkeyAdapter.swift */; };
		55EA2EDC25398CEA00842881 /* DPATester.swift in Sources */ = {isa = PBXBuildFile; fileRef = 55EA2E9925398CE900842881 /* DPATester.swift */; };
		55EA2EDD25398CEA00842881 /* FMNYStyleClamPizza.swift in Sources */ = {isa = PBXBuildFile; fileRef = 55EA2E9E25398CE900842881 /* FMNYStyleClamPizza.swift */; };
		55EA2EDE25398CEA00842881 /* FMNYStyleCheesePizza.swift in Sources */ = {isa = PBXBuildFile; fileRef = 55EA2E9F25398CE900842881 /* FMNYStyleCheesePizza.swift */; };
		55EA2EDF25398CEA00842881 /* FMNYStyleVeggiePizza.swift in Sources */ = {isa = PBXBuildFile; fileRef = 55EA2EA025398CE900842881 /* FMNYStyleVeggiePizza.swift */; };
		55EA2EE025398CEA00842881 /* FMNYStylePepperoniPizza.swift in Sources */ = {isa = PBXBuildFile; fileRef = 55EA2EA125398CE900842881 /* FMNYStylePepperoniPizza.swift */; };
		55EA2EE125398CEA00842881 /* FMPizza.swift in Sources */ = {isa = PBXBuildFile; fileRef = 55EA2EA225398CE900842881 /* FMPizza.swift */; };
		55EA2EE225398CEA00842881 /* FMPizzaFactory.swift in Sources */ = {isa = PBXBuildFile; fileRef = 55EA2EA325398CE900842881 /* FMPizzaFactory.swift */; };
		55EA2EE325398CEA00842881 /* DPFMTester.swift in Sources */ = {isa = PBXBuildFile; fileRef = 55EA2EA425398CE900842881 /* DPFMTester.swift */; };
		55EA2EE425398CEA00842881 /* DPAFTester.swift in Sources */ = {isa = PBXBuildFile; fileRef = 55EA2EA925398CE900842881 /* DPAFTester.swift */; };
		55EA2EE525398CEA00842881 /* AFBDStyleCheesePizza.swift in Sources */ = {isa = PBXBuildFile; fileRef = 55EA2EAC25398CE900842881 /* AFBDStyleCheesePizza.swift */; };
		55EA2EE625398CEA00842881 /* AFBDStyleClamPizza.swift in Sources */ = {isa = PBXBuildFile; fileRef = 55EA2EAD25398CE900842881 /* AFBDStyleClamPizza.swift */; };
		55EA2EE725398CEA00842881 /* AFBDStyleVeggiePizza.swift in Sources */ = {isa = PBXBuildFile; fileRef = 55EA2EAE25398CE900842881 /* AFBDStyleVeggiePizza.swift */; };
		55EA2EE825398CEA00842881 /* AFBDStylePepperoniPizza.swift in Sources */ = {isa = PBXBuildFile; fileRef = 55EA2EAF25398CE900842881 /* AFBDStylePepperoniPizza.swift */; };
		55EA2EE925398CEA00842881 /* AFNYStyleCheesePizza.swift in Sources */ = {isa = PBXBuildFile; fileRef = 55EA2EB125398CE900842881 /* AFNYStyleCheesePizza.swift */; };
		55EA2EEA25398CEA00842881 /* AFNYStyleVeggiePizza.swift in Sources */ = {isa = PBXBuildFile; fileRef = 55EA2EB225398CE900842881 /* AFNYStyleVeggiePizza.swift */; };
		55EA2EEB25398CEA00842881 /* AFNYStylePepperoniPizza.swift in Sources */ = {isa = PBXBuildFile; fileRef = 55EA2EB325398CE900842881 /* AFNYStylePepperoniPizza.swift */; };
		55EA2EEC25398CEA00842881 /* AFNYStyleClamPizza.swift in Sources */ = {isa = PBXBuildFile; fileRef = 55EA2EB425398CE900842881 /* AFNYStyleClamPizza.swift */; };
		55EA2EED25398CEA00842881 /* AFPizza.swift in Sources */ = {isa = PBXBuildFile; fileRef = 55EA2EB525398CE900842881 /* AFPizza.swift */; };
		55EA2EEE25398CEA00842881 /* AFPizzaProducer.swift in Sources */ = {isa = PBXBuildFile; fileRef = 55EA2EB625398CE900842881 /* AFPizzaProducer.swift */; };
		55EA2EEF25398CEA00842881 /* AFBDPizzaFactory.swift in Sources */ = {isa = PBXBuildFile; fileRef = 55EA2EB825398CE900842881 /* AFBDPizzaFactory.swift */; };
		55EA2EF025398CEA00842881 /* AFPizzaFactory.swift in Sources */ = {isa = PBXBuildFile; fileRef = 55EA2EB925398CE900842881 /* AFPizzaFactory.swift */; };
		55EA2EF125398CEA00842881 /* AFNYPizzaFactory.swift in Sources */ = {isa = PBXBuildFile; fileRef = 55EA2EBA25398CE900842881 /* AFNYPizzaFactory.swift */; };
		55EA2EF225398CEA00842881 /* BRemoteControl.swift in Sources */ = {isa = PBXBuildFile; fileRef = 55EA2EC125398CEA00842881 /* BRemoteControl.swift */; };
		55EA2EF325398CEA00842881 /* BAdvancedRemoteControl.swift in Sources */ = {isa = PBXBuildFile; fileRef = 55EA2EC225398CEA00842881 /* BAdvancedRemoteControl.swift */; };
		55EA2EF425398CEA00842881 /* DPBTester.swift in Sources */ = {isa = PBXBuildFile; fileRef = 55EA2EC325398CEA00842881 /* DPBTester.swift */; };
		55EA2EF525398CEA00842881 /* BClient.swift in Sources */ = {isa = PBXBuildFile; fileRef = 55EA2EC425398CEA00842881 /* BClient.swift */; };
		55EA2EF625398CEA00842881 /* BRadio.swift in Sources */ = {isa = PBXBuildFile; fileRef = 55EA2EC625398CEA00842881 /* BRadio.swift */; };
		55EA2EF725398CEA00842881 /* BTV.swift in Sources */ = {isa = PBXBuildFile; fileRef = 55EA2EC725398CEA00842881 /* BTV.swift */; };
		55EA2EF825398CEA00842881 /* BDevice.swift in Sources */ = {isa = PBXBuildFile; fileRef = 55EA2EC825398CEA00842881 /* BDevice.swift */; };
		55EA2F362539919D00842881 /* AppLogger.swift in Sources */ = {isa = PBXBuildFile; fileRef = 55EA2F352539919D00842881 /* AppLogger.swift */; };
/* End PBXBuildFile section */

/* Begin PBXFileReference section */
		555A2CBD23D6F27F008B71C5 /* builder-problem1.png */ = {isa = PBXFileReference; lastKnownFileType = image.png; path = "builder-problem1.png"; sourceTree = "<group>"; };
		555A2CBE23D6F27F008B71C5 /* builder-solution.png */ = {isa = PBXFileReference; lastKnownFileType = image.png; path = "builder-solution.png"; sourceTree = "<group>"; };
		555A2CBF23D6F27F008B71C5 /* builder-problem2.png */ = {isa = PBXFileReference; lastKnownFileType = image.png; path = "builder-problem2.png"; sourceTree = "<group>"; };
		555A2CC023D6F27F008B71C5 /* builder-director.png */ = {isa = PBXFileReference; lastKnownFileType = image.png; path = "builder-director.png"; sourceTree = "<group>"; };
		555A2CC523D6F2F3008B71C5 /* builder-structure.png */ = {isa = PBXFileReference; lastKnownFileType = image.png; path = "builder-structure.png"; sourceTree = "<group>"; };
		555A2CC723D6F479008B71C5 /* builder-comic.png */ = {isa = PBXFileReference; lastKnownFileType = image.png; path = "builder-comic.png"; sourceTree = "<group>"; };
		5564E95023A926DE0016C533 /* DPTester.swift */ = {isa = PBXFileReference; lastKnownFileType = sourcecode.swift; path = DPTester.swift; sourceTree = "<group>"; };
		55B0CF3323A8A60200D4EADB /* DesignPatternGOF.app */ = {isa = PBXFileReference; explicitFileType = wrapper.application; includeInIndex = 0; path = DesignPatternGOF.app; sourceTree = BUILT_PRODUCTS_DIR; };
		55B0CF3623A8A60200D4EADB /* AppDelegate.swift */ = {isa = PBXFileReference; lastKnownFileType = sourcecode.swift; path = AppDelegate.swift; sourceTree = "<group>"; };
		55B0CF3823A8A60200D4EADB /* SceneDelegate.swift */ = {isa = PBXFileReference; lastKnownFileType = sourcecode.swift; path = SceneDelegate.swift; sourceTree = "<group>"; };
		55B0CF3A23A8A60300D4EADB /* ContentView.swift */ = {isa = PBXFileReference; lastKnownFileType = sourcecode.swift; path = ContentView.swift; sourceTree = "<group>"; };
		55B0CF3C23A8A60500D4EADB /* Assets.xcassets */ = {isa = PBXFileReference; lastKnownFileType = folder.assetcatalog; path = Assets.xcassets; sourceTree = "<group>"; };
		55B0CF3F23A8A60500D4EADB /* Preview Assets.xcassets */ = {isa = PBXFileReference; lastKnownFileType = folder.assetcatalog; path = "Preview Assets.xcassets"; sourceTree = "<group>"; };
		55B0CF4223A8A60500D4EADB /* Base */ = {isa = PBXFileReference; lastKnownFileType = file.storyboard; name = Base; path = Base.lproj/LaunchScreen.storyboard; sourceTree = "<group>"; };
		55B0CF4423A8A60500D4EADB /* Info.plist */ = {isa = PBXFileReference; lastKnownFileType = text.plist.xml; path = Info.plist; sourceTree = "<group>"; };
		55E4F44923ABC9B600B7BE6A /* README.md */ = {isa = PBXFileReference; fileEncoding = 4; lastKnownFileType = net.daringfireball.markdown; path = README.md; sourceTree = "<group>"; };
		55E4F44C23ABCA5700B7BE6A /* structure-object-adapter.png */ = {isa = PBXFileReference; lastKnownFileType = image.png; path = "structure-object-adapter.png"; sourceTree = "<group>"; };
		55EA2E7A25398CE900842881 /* BCoreDataProvider.swift */ = {isa = PBXFileReference; fileEncoding = 4; lastKnownFileType = sourcecode.swift; path = BCoreDataProvider.swift; sourceTree = "<group>"; };
		55EA2E7B25398CE900842881 /* BRealmProvider.swift */ = {isa = PBXFileReference; fileEncoding = 4; lastKnownFileType = sourcecode.swift; path = BRealmProvider.swift; sourceTree = "<group>"; };
		55EA2E7D25398CE900842881 /* BDomainModel.swift */ = {isa = PBXFileReference; fileEncoding = 4; lastKnownFileType = sourcecode.swift; path = BDomainModel.swift; sourceTree = "<group>"; };
		55EA2E7E25398CE900842881 /* BUserModel.swift */ = {isa = PBXFileReference; fileEncoding = 4; lastKnownFileType = sourcecode.swift; path = BUserModel.swift; sourceTree = "<group>"; };
		55EA2E7F25398CE900842881 /* Readme.md */ = {isa = PBXFileReference; fileEncoding = 4; lastKnownFileType = net.daringfireball.markdown; path = Readme.md; sourceTree = "<group>"; };
		55EA2E8125398CE900842881 /* BRealmQueryBuilder.swift */ = {isa = PBXFileReference; fileEncoding = 4; lastKnownFileType = sourcecode.swift; path = BRealmQueryBuilder.swift; sourceTree = "<group>"; };
		55EA2E8225398CE900842881 /* BBaseQueryBuilder.swift */ = {isa = PBXFileReference; fileEncoding = 4; lastKnownFileType = sourcecode.swift; path = BBaseQueryBuilder.swift; sourceTree = "<group>"; };
		55EA2E8325398CE900842881 /* BCoreDataQueryBuilder.swift */ = {isa = PBXFileReference; fileEncoding = 4; lastKnownFileType = sourcecode.swift; path = BCoreDataQueryBuilder.swift; sourceTree = "<group>"; };
		55EA2E8425398CE900842881 /* DBBTester.swift */ = {isa = PBXFileReference; fileEncoding = 4; lastKnownFileType = sourcecode.swift; path = DBBTester.swift; sourceTree = "<group>"; };
		55EA2E8C25398CE900842881 /* ADroneAdapter.swift */ = {isa = PBXFileReference; fileEncoding = 4; lastKnownFileType = sourcecode.swift; path = ADroneAdapter.swift; sourceTree = "<group>"; };
		55EA2E8F25398CE900842881 /* ATurkey.swift */ = {isa = PBXFileReference; fileEncoding = 4; lastKnownFileType = sourcecode.swift; path = ATurkey.swift; sourceTree = "<group>"; };
		55EA2E9025398CE900842881 /* AWildTurkey.swift */ = {isa = PBXFileReference; fileEncoding = 4; lastKnownFileType = sourcecode.swift; path = AWildTurkey.swift; sourceTree = "<group>"; };
		55EA2E9225398CE900842881 /* AMallardDuck.swift */ = {isa = PBXFileReference; fileEncoding = 4; lastKnownFileType = sourcecode.swift; path = AMallardDuck.swift; sourceTree = "<group>"; };
		55EA2E9325398CE900842881 /* ADuck.swift */ = {isa = PBXFileReference; fileEncoding = 4; lastKnownFileType = sourcecode.swift; path = ADuck.swift; sourceTree = "<group>"; };
		55EA2E9525398CE900842881 /* ADrone.swift */ = {isa = PBXFileReference; fileEncoding = 4; lastKnownFileType = sourcecode.swift; path = ADrone.swift; sourceTree = "<group>"; };
		55EA2E9625398CE900842881 /* ASuperDrone.swift */ = {isa = PBXFileReference; fileEncoding = 4; lastKnownFileType = sourcecode.swift; path = ASuperDrone.swift; sourceTree = "<group>"; };
		55EA2E9725398CE900842881 /* Readme.md */ = {isa = PBXFileReference; fileEncoding = 4; lastKnownFileType = net.daringfireball.markdown; path = Readme.md; sourceTree = "<group>"; };
		55EA2E9825398CE900842881 /* ATurkeyAdapter.swift */ = {isa = PBXFileReference; fileEncoding = 4; lastKnownFileType = sourcecode.swift; path = ATurkeyAdapter.swift; sourceTree = "<group>"; };
		55EA2E9925398CE900842881 /* DPATester.swift */ = {isa = PBXFileReference; fileEncoding = 4; lastKnownFileType = sourcecode.swift; path = DPATester.swift; sourceTree = "<group>"; };
		55EA2E9E25398CE900842881 /* FMNYStyleClamPizza.swift */ = {isa = PBXFileReference; fileEncoding = 4; lastKnownFileType = sourcecode.swift; path = FMNYStyleClamPizza.swift; sourceTree = "<group>"; };
		55EA2E9F25398CE900842881 /* FMNYStyleCheesePizza.swift */ = {isa = PBXFileReference; fileEncoding = 4; lastKnownFileType = sourcecode.swift; path = FMNYStyleCheesePizza.swift; sourceTree = "<group>"; };
		55EA2EA025398CE900842881 /* FMNYStyleVeggiePizza.swift */ = {isa = PBXFileReference; fileEncoding = 4; lastKnownFileType = sourcecode.swift; path = FMNYStyleVeggiePizza.swift; sourceTree = "<group>"; };
		55EA2EA125398CE900842881 /* FMNYStylePepperoniPizza.swift */ = {isa = PBXFileReference; fileEncoding = 4; lastKnownFileType = sourcecode.swift; path = FMNYStylePepperoniPizza.swift; sourceTree = "<group>"; };
		55EA2EA225398CE900842881 /* FMPizza.swift */ = {isa = PBXFileReference; fileEncoding = 4; lastKnownFileType = sourcecode.swift; path = FMPizza.swift; sourceTree = "<group>"; };
		55EA2EA325398CE900842881 /* FMPizzaFactory.swift */ = {isa = PBXFileReference; fileEncoding = 4; lastKnownFileType = sourcecode.swift; path = FMPizzaFactory.swift; sourceTree = "<group>"; };
		55EA2EA425398CE900842881 /* DPFMTester.swift */ = {isa = PBXFileReference; fileEncoding = 4; lastKnownFileType = sourcecode.swift; path = DPFMTester.swift; sourceTree = "<group>"; };
		55EA2EA925398CE900842881 /* DPAFTester.swift */ = {isa = PBXFileReference; fileEncoding = 4; lastKnownFileType = sourcecode.swift; path = DPAFTester.swift; sourceTree = "<group>"; };
		55EA2EAC25398CE900842881 /* AFBDStyleCheesePizza.swift */ = {isa = PBXFileReference; fileEncoding = 4; lastKnownFileType = sourcecode.swift; path = AFBDStyleCheesePizza.swift; sourceTree = "<group>"; };
		55EA2EAD25398CE900842881 /* AFBDStyleClamPizza.swift */ = {isa = PBXFileReference; fileEncoding = 4; lastKnownFileType = sourcecode.swift; path = AFBDStyleClamPizza.swift; sourceTree = "<group>"; };
		55EA2EAE25398CE900842881 /* AFBDStyleVeggiePizza.swift */ = {isa = PBXFileReference; fileEncoding = 4; lastKnownFileType = sourcecode.swift; path = AFBDStyleVeggiePizza.swift; sourceTree = "<group>"; };
		55EA2EAF25398CE900842881 /* AFBDStylePepperoniPizza.swift */ = {isa = PBXFileReference; fileEncoding = 4; lastKnownFileType = sourcecode.swift; path = AFBDStylePepperoniPizza.swift; sourceTree = "<group>"; };
		55EA2EB125398CE900842881 /* AFNYStyleCheesePizza.swift */ = {isa = PBXFileReference; fileEncoding = 4; lastKnownFileType = sourcecode.swift; path = AFNYStyleCheesePizza.swift; sourceTree = "<group>"; };
		55EA2EB225398CE900842881 /* AFNYStyleVeggiePizza.swift */ = {isa = PBXFileReference; fileEncoding = 4; lastKnownFileType = sourcecode.swift; path = AFNYStyleVeggiePizza.swift; sourceTree = "<group>"; };
		55EA2EB325398CE900842881 /* AFNYStylePepperoniPizza.swift */ = {isa = PBXFileReference; fileEncoding = 4; lastKnownFileType = sourcecode.swift; path = AFNYStylePepperoniPizza.swift; sourceTree = "<group>"; };
		55EA2EB425398CE900842881 /* AFNYStyleClamPizza.swift */ = {isa = PBXFileReference; fileEncoding = 4; lastKnownFileType = sourcecode.swift; path = AFNYStyleClamPizza.swift; sourceTree = "<group>"; };
		55EA2EB525398CE900842881 /* AFPizza.swift */ = {isa = PBXFileReference; fileEncoding = 4; lastKnownFileType = sourcecode.swift; path = AFPizza.swift; sourceTree = "<group>"; };
		55EA2EB625398CE900842881 /* AFPizzaProducer.swift */ = {isa = PBXFileReference; fileEncoding = 4; lastKnownFileType = sourcecode.swift; path = AFPizzaProducer.swift; sourceTree = "<group>"; };
		55EA2EB825398CE900842881 /* AFBDPizzaFactory.swift */ = {isa = PBXFileReference; fileEncoding = 4; lastKnownFileType = sourcecode.swift; path = AFBDPizzaFactory.swift; sourceTree = "<group>"; };
		55EA2EB925398CE900842881 /* AFPizzaFactory.swift */ = {isa = PBXFileReference; fileEncoding = 4; lastKnownFileType = sourcecode.swift; path = AFPizzaFactory.swift; sourceTree = "<group>"; };
		55EA2EBA25398CE900842881 /* AFNYPizzaFactory.swift */ = {isa = PBXFileReference; fileEncoding = 4; lastKnownFileType = sourcecode.swift; path = AFNYPizzaFactory.swift; sourceTree = "<group>"; };
		55EA2EC125398CEA00842881 /* BRemoteControl.swift */ = {isa = PBXFileReference; fileEncoding = 4; lastKnownFileType = sourcecode.swift; path = BRemoteControl.swift; sourceTree = "<group>"; };
		55EA2EC225398CEA00842881 /* BAdvancedRemoteControl.swift */ = {isa = PBXFileReference; fileEncoding = 4; lastKnownFileType = sourcecode.swift; path = BAdvancedRemoteControl.swift; sourceTree = "<group>"; };
		55EA2EC325398CEA00842881 /* DPBTester.swift */ = {isa = PBXFileReference; fileEncoding = 4; lastKnownFileType = sourcecode.swift; path = DPBTester.swift; sourceTree = "<group>"; };
		55EA2EC425398CEA00842881 /* BClient.swift */ = {isa = PBXFileReference; fileEncoding = 4; lastKnownFileType = sourcecode.swift; path = BClient.swift; sourceTree = "<group>"; };
		55EA2EC625398CEA00842881 /* BRadio.swift */ = {isa = PBXFileReference; fileEncoding = 4; lastKnownFileType = sourcecode.swift; path = BRadio.swift; sourceTree = "<group>"; };
		55EA2EC725398CEA00842881 /* BTV.swift */ = {isa = PBXFileReference; fileEncoding = 4; lastKnownFileType = sourcecode.swift; path = BTV.swift; sourceTree = "<group>"; };
		55EA2EC825398CEA00842881 /* BDevice.swift */ = {isa = PBXFileReference; fileEncoding = 4; lastKnownFileType = sourcecode.swift; path = BDevice.swift; sourceTree = "<group>"; };
		55EA2EFE25398DE000842881 /* Readme.md */ = {isa = PBXFileReference; lastKnownFileType = net.daringfireball.markdown; path = Readme.md; sourceTree = "<group>"; };
		55EA2EFF25398E5C00842881 /* Readme.md */ = {isa = PBXFileReference; lastKnownFileType = net.daringfireball.markdown; path = Readme.md; sourceTree = "<group>"; };
		55EA2F0125398E6500842881 /* Readme.md */ = {isa = PBXFileReference; lastKnownFileType = net.daringfireball.markdown; path = Readme.md; sourceTree = "<group>"; };
		55EA2F0225398EA100842881 /* Readme.md */ = {isa = PBXFileReference; lastKnownFileType = net.daringfireball.markdown; path = Readme.md; sourceTree = "<group>"; };
		55EA2F0325398EB900842881 /* Readme.md */ = {isa = PBXFileReference; lastKnownFileType = net.daringfireball.markdown; path = Readme.md; sourceTree = "<group>"; };
		55EA2F0525398EDA00842881 /* Readme.md */ = {isa = PBXFileReference; lastKnownFileType = net.daringfireball.markdown; path = Readme.md; sourceTree = "<group>"; };
		55EA2F0625398F4400842881 /* Readme.md */ = {isa = PBXFileReference; fileEncoding = 4; lastKnownFileType = net.daringfireball.markdown; path = Readme.md; sourceTree = "<group>"; };
		55EA2F0A25398F6B00842881 /* Readme.md */ = {isa = PBXFileReference; fileEncoding = 4; lastKnownFileType = net.daringfireball.markdown; path = Readme.md; sourceTree = "<group>"; };
		55EA2F0D25398F7100842881 /* Readme.md */ = {isa = PBXFileReference; fileEncoding = 4; lastKnownFileType = net.daringfireball.markdown; path = Readme.md; sourceTree = "<group>"; };
		55EA2F1025398F7800842881 /* Readme.md */ = {isa = PBXFileReference; fileEncoding = 4; lastKnownFileType = net.daringfireball.markdown; path = Readme.md; sourceTree = "<group>"; };
		55EA2F1325398F7E00842881 /* Readme.md */ = {isa = PBXFileReference; fileEncoding = 4; lastKnownFileType = net.daringfireball.markdown; path = Readme.md; sourceTree = "<group>"; };
		55EA2F1625398F8200842881 /* Readme.md */ = {isa = PBXFileReference; fileEncoding = 4; lastKnownFileType = net.daringfireball.markdown; path = Readme.md; sourceTree = "<group>"; };
		55EA2F1925398F8700842881 /* Readme.md */ = {isa = PBXFileReference; fileEncoding = 4; lastKnownFileType = net.daringfireball.markdown; path = Readme.md; sourceTree = "<group>"; };
		55EA2F1C25398F8D00842881 /* Readme.md */ = {isa = PBXFileReference; fileEncoding = 4; lastKnownFileType = net.daringfireball.markdown; path = Readme.md; sourceTree = "<group>"; };
		55EA2F1F25398FC200842881 /* Readme.md */ = {isa = PBXFileReference; fileEncoding = 4; lastKnownFileType = net.daringfireball.markdown; path = Readme.md; sourceTree = "<group>"; };
		55EA2F2225398FC900842881 /* Readme.md */ = {isa = PBXFileReference; fileEncoding = 4; lastKnownFileType = net.daringfireball.markdown; path = Readme.md; sourceTree = "<group>"; };
		55EA2F2525398FDA00842881 /* Readme.md */ = {isa = PBXFileReference; fileEncoding = 4; lastKnownFileType = net.daringfireball.markdown; path = Readme.md; sourceTree = "<group>"; };
		55EA2F2825398FE400842881 /* Readme.md */ = {isa = PBXFileReference; lastKnownFileType = net.daringfireball.markdown; path = Readme.md; sourceTree = "<group>"; };
		55EA2F352539919D00842881 /* AppLogger.swift */ = {isa = PBXFileReference; lastKnownFileType = sourcecode.swift; path = AppLogger.swift; sourceTree = "<group>"; };
/* End PBXFileReference section */

/* Begin PBXFrameworksBuildPhase section */
		55B0CF3023A8A60200D4EADB /* Frameworks */ = {
			isa = PBXFrameworksBuildPhase;
			buildActionMask = 2147483647;
			files = (
			);
			runOnlyForDeploymentPostprocessing = 0;
		};
/* End PBXFrameworksBuildPhase section */

/* Begin PBXGroup section */
		5564E92523A8E8EA0016C533 /* Patterns */ = {
			isa = PBXGroup;
			children = (
				55EA2EA825398CE900842881 /* AbstractFactory */,
				55EA2E8B25398CE900842881 /* Adapter */,
				55EA2EBF25398CEA00842881 /* Bridge */,
				55EA2E7825398CE900842881 /* Builder */,
				55EA2E7525398CE900842881 /* ChainOfResponsibility */,
				55EA2E8525398CE900842881 /* Command */,
				55EA2E8925398CE900842881 /* Composite */,
				55EA2E8725398CE900842881 /* Decorator */,
				55EA2EBD25398CE900842881 /* Facade */,
				55EA2E9B25398CE900842881 /* FactoryMethod */,
				55EA2EA525398CE900842881 /* Flyweight */,
				55EA2E8625398CE900842881 /* Interpreter */,
				55EA2EBB25398CE900842881 /* Iterator */,
				55EA2E8825398CE900842881 /* Mediator */,
				55EA2EA725398CE900842881 /* Memento */,
				55EA2E9A25398CE900842881 /* Observer */,
				55EA2E8A25398CE900842881 /* Prototype */,
				55EA2EA625398CE900842881 /* Proxy */,
				55EA2EBC25398CE900842881 /* Singleton */,
				55EA2EC925398CEA00842881 /* State */,
				55EA2EBE25398CEA00842881 /* Strategy */,
				55EA2E7625398CE900842881 /* TemplateMethod */,
				55EA2E7725398CE900842881 /* Visitor */,
			);
			path = Patterns;
			sourceTree = "<group>";
		};
		55B0CF2A23A8A60200D4EADB = {
			isa = PBXGroup;
			children = (
				55E4F44923ABC9B600B7BE6A /* README.md */,
				55B0CF3523A8A60200D4EADB /* DesignPatternGOF */,
				55B0CF3423A8A60200D4EADB /* Products */,
			);
			sourceTree = "<group>";
		};
		55B0CF3423A8A60200D4EADB /* Products */ = {
			isa = PBXGroup;
			children = (
				55B0CF3323A8A60200D4EADB /* DesignPatternGOF.app */,
			);
			name = Products;
			sourceTree = "<group>";
		};
		55B0CF3523A8A60200D4EADB /* DesignPatternGOF */ = {
			isa = PBXGroup;
			children = (
				55EA2F342539919200842881 /* Utils */,
				55E4F44B23ABCA3F00B7BE6A /* Resources */,
				5564E92523A8E8EA0016C533 /* Patterns */,
				55B0CF3623A8A60200D4EADB /* AppDelegate.swift */,
				55B0CF3823A8A60200D4EADB /* SceneDelegate.swift */,
				55B0CF3A23A8A60300D4EADB /* ContentView.swift */,
				5564E95023A926DE0016C533 /* DPTester.swift */,
				55B0CF3C23A8A60500D4EADB /* Assets.xcassets */,
				55B0CF4123A8A60500D4EADB /* LaunchScreen.storyboard */,
				55B0CF4423A8A60500D4EADB /* Info.plist */,
				55B0CF3E23A8A60500D4EADB /* Preview Content */,
			);
			path = DesignPatternGOF;
			sourceTree = "<group>";
		};
		55B0CF3E23A8A60500D4EADB /* Preview Content */ = {
			isa = PBXGroup;
			children = (
				55B0CF3F23A8A60500D4EADB /* Preview Assets.xcassets */,
			);
			path = "Preview Content";
			sourceTree = "<group>";
		};
		55E4F44B23ABCA3F00B7BE6A /* Resources */ = {
			isa = PBXGroup;
			children = (
				555A2CC723D6F479008B71C5 /* builder-comic.png */,
				555A2CC523D6F2F3008B71C5 /* builder-structure.png */,
				555A2CC023D6F27F008B71C5 /* builder-director.png */,
				555A2CBD23D6F27F008B71C5 /* builder-problem1.png */,
				555A2CBF23D6F27F008B71C5 /* builder-problem2.png */,
				555A2CBE23D6F27F008B71C5 /* builder-solution.png */,
				55E4F44C23ABCA5700B7BE6A /* structure-object-adapter.png */,
			);
			path = Resources;
			sourceTree = "<group>";
		};
		55EA2E7525398CE900842881 /* ChainOfResponsibility */ = {
			isa = PBXGroup;
			children = (
				55EA2EFE25398DE000842881 /* Readme.md */,
			);
			path = ChainOfResponsibility;
			sourceTree = "<group>";
		};
		55EA2E7625398CE900842881 /* TemplateMethod */ = {
			isa = PBXGroup;
			children = (
				55EA2F2525398FDA00842881 /* Readme.md */,
			);
			path = TemplateMethod;
			sourceTree = "<group>";
		};
		55EA2E7725398CE900842881 /* Visitor */ = {
			isa = PBXGroup;
			children = (
				55EA2F2825398FE400842881 /* Readme.md */,
			);
			path = Visitor;
			sourceTree = "<group>";
		};
		55EA2E7825398CE900842881 /* Builder */ = {
			isa = PBXGroup;
			children = (
				55EA2E7925398CE900842881 /* Provider */,
				55EA2E7C25398CE900842881 /* Models */,
				55EA2E7F25398CE900842881 /* Readme.md */,
				55EA2E8025398CE900842881 /* Buildes */,
				55EA2E8425398CE900842881 /* DBBTester.swift */,
			);
			path = Builder;
			sourceTree = "<group>";
		};
		55EA2E7925398CE900842881 /* Provider */ = {
			isa = PBXGroup;
			children = (
				55EA2E7A25398CE900842881 /* BCoreDataProvider.swift */,
				55EA2E7B25398CE900842881 /* BRealmProvider.swift */,
			);
			path = Provider;
			sourceTree = "<group>";
		};
		55EA2E7C25398CE900842881 /* Models */ = {
			isa = PBXGroup;
			children = (
				55EA2E7D25398CE900842881 /* BDomainModel.swift */,
				55EA2E7E25398CE900842881 /* BUserModel.swift */,
			);
			path = Models;
			sourceTree = "<group>";
		};
		55EA2E8025398CE900842881 /* Buildes */ = {
			isa = PBXGroup;
			children = (
				55EA2E8125398CE900842881 /* BRealmQueryBuilder.swift */,
				55EA2E8225398CE900842881 /* BBaseQueryBuilder.swift */,
				55EA2E8325398CE900842881 /* BCoreDataQueryBuilder.swift */,
			);
			path = Buildes;
			sourceTree = "<group>";
		};
		55EA2E8525398CE900842881 /* Command */ = {
			isa = PBXGroup;
			children = (
				55EA2EFF25398E5C00842881 /* Readme.md */,
			);
			path = Command;
			sourceTree = "<group>";
		};
		55EA2E8625398CE900842881 /* Interpreter */ = {
			isa = PBXGroup;
			children = (
				55EA2F0625398F4400842881 /* Readme.md */,
			);
			path = Interpreter;
			sourceTree = "<group>";
		};
		55EA2E8725398CE900842881 /* Decorator */ = {
			isa = PBXGroup;
			children = (
				55EA2F0225398EA100842881 /* Readme.md */,
			);
			path = Decorator;
			sourceTree = "<group>";
		};
		55EA2E8825398CE900842881 /* Mediator */ = {
			isa = PBXGroup;
			children = (
				55EA2F1025398F7800842881 /* Readme.md */,
			);
			path = Mediator;
			sourceTree = "<group>";
		};
		55EA2E8925398CE900842881 /* Composite */ = {
			isa = PBXGroup;
			children = (
				55EA2F0125398E6500842881 /* Readme.md */,
			);
			path = Composite;
			sourceTree = "<group>";
		};
		55EA2E8A25398CE900842881 /* Prototype */ = {
			isa = PBXGroup;
			children = (
				55EA2F1625398F8200842881 /* Readme.md */,
			);
			path = Prototype;
			sourceTree = "<group>";
		};
		55EA2E8B25398CE900842881 /* Adapter */ = {
			isa = PBXGroup;
			children = (
				55EA2E8C25398CE900842881 /* ADroneAdapter.swift */,
				55EA2E8D25398CE900842881 /* Models */,
				55EA2E9725398CE900842881 /* Readme.md */,
				55EA2E9825398CE900842881 /* ATurkeyAdapter.swift */,
				55EA2E9925398CE900842881 /* DPATester.swift */,
			);
			path = Adapter;
			sourceTree = "<group>";
		};
		55EA2E8D25398CE900842881 /* Models */ = {
			isa = PBXGroup;
			children = (
				55EA2E8E25398CE900842881 /* Turkey */,
				55EA2E9125398CE900842881 /* Duck */,
				55EA2E9425398CE900842881 /* Drone */,
			);
			path = Models;
			sourceTree = "<group>";
		};
		55EA2E8E25398CE900842881 /* Turkey */ = {
			isa = PBXGroup;
			children = (
				55EA2E8F25398CE900842881 /* ATurkey.swift */,
				55EA2E9025398CE900842881 /* AWildTurkey.swift */,
			);
			path = Turkey;
			sourceTree = "<group>";
		};
		55EA2E9125398CE900842881 /* Duck */ = {
			isa = PBXGroup;
			children = (
				55EA2E9225398CE900842881 /* AMallardDuck.swift */,
				55EA2E9325398CE900842881 /* ADuck.swift */,
			);
			path = Duck;
			sourceTree = "<group>";
		};
		55EA2E9425398CE900842881 /* Drone */ = {
			isa = PBXGroup;
			children = (
				55EA2E9525398CE900842881 /* ADrone.swift */,
				55EA2E9625398CE900842881 /* ASuperDrone.swift */,
			);
			path = Drone;
			sourceTree = "<group>";
		};
		55EA2E9A25398CE900842881 /* Observer */ = {
			isa = PBXGroup;
			children = (
				55EA2F1325398F7E00842881 /* Readme.md */,
			);
			path = Observer;
			sourceTree = "<group>";
		};
		55EA2E9B25398CE900842881 /* FactoryMethod */ = {
			isa = PBXGroup;
			children = (
				55EA2E9C25398CE900842881 /* Models */,
				55EA2EA325398CE900842881 /* FMPizzaFactory.swift */,
				55EA2EA425398CE900842881 /* DPFMTester.swift */,
			);
			path = FactoryMethod;
			sourceTree = "<group>";
		};
		55EA2E9C25398CE900842881 /* Models */ = {
			isa = PBXGroup;
			children = (
				55EA2E9D25398CE900842881 /* NYModel */,
				55EA2EA225398CE900842881 /* FMPizza.swift */,
			);
			path = Models;
			sourceTree = "<group>";
		};
		55EA2E9D25398CE900842881 /* NYModel */ = {
			isa = PBXGroup;
			children = (
				55EA2E9E25398CE900842881 /* FMNYStyleClamPizza.swift */,
				55EA2E9F25398CE900842881 /* FMNYStyleCheesePizza.swift */,
				55EA2EA025398CE900842881 /* FMNYStyleVeggiePizza.swift */,
				55EA2EA125398CE900842881 /* FMNYStylePepperoniPizza.swift */,
			);
			path = NYModel;
			sourceTree = "<group>";
		};
		55EA2EA525398CE900842881 /* Flyweight */ = {
			isa = PBXGroup;
			children = (
				55EA2F0525398EDA00842881 /* Readme.md */,
			);
			path = Flyweight;
			sourceTree = "<group>";
		};
		55EA2EA625398CE900842881 /* Proxy */ = {
			isa = PBXGroup;
			children = (
				55EA2F1925398F8700842881 /* Readme.md */,
			);
			path = Proxy;
			sourceTree = "<group>";
		};
		55EA2EA725398CE900842881 /* Memento */ = {
			isa = PBXGroup;
			children = (
				55EA2F0D25398F7100842881 /* Readme.md */,
			);
			path = Memento;
			sourceTree = "<group>";
		};
		55EA2EA825398CE900842881 /* AbstractFactory */ = {
			isa = PBXGroup;
			children = (
				55EA2EA925398CE900842881 /* DPAFTester.swift */,
				55EA2EAA25398CE900842881 /* Models */,
				55EA2EB625398CE900842881 /* AFPizzaProducer.swift */,
				55EA2EB725398CE900842881 /* Factory */,
			);
			path = AbstractFactory;
			sourceTree = "<group>";
		};
		55EA2EAA25398CE900842881 /* Models */ = {
			isa = PBXGroup;
			children = (
				55EA2EAB25398CE900842881 /* BDModel */,
				55EA2EB025398CE900842881 /* NYModel */,
				55EA2EB525398CE900842881 /* AFPizza.swift */,
			);
			path = Models;
			sourceTree = "<group>";
		};
		55EA2EAB25398CE900842881 /* BDModel */ = {
			isa = PBXGroup;
			children = (
				55EA2EAC25398CE900842881 /* AFBDStyleCheesePizza.swift */,
				55EA2EAD25398CE900842881 /* AFBDStyleClamPizza.swift */,
				55EA2EAE25398CE900842881 /* AFBDStyleVeggiePizza.swift */,
				55EA2EAF25398CE900842881 /* AFBDStylePepperoniPizza.swift */,
			);
			path = BDModel;
			sourceTree = "<group>";
		};
		55EA2EB025398CE900842881 /* NYModel */ = {
			isa = PBXGroup;
			children = (
				55EA2EB125398CE900842881 /* AFNYStyleCheesePizza.swift */,
				55EA2EB225398CE900842881 /* AFNYStyleVeggiePizza.swift */,
				55EA2EB325398CE900842881 /* AFNYStylePepperoniPizza.swift */,
				55EA2EB425398CE900842881 /* AFNYStyleClamPizza.swift */,
			);
			path = NYModel;
			sourceTree = "<group>";
		};
		55EA2EB725398CE900842881 /* Factory */ = {
			isa = PBXGroup;
			children = (
				55EA2EB825398CE900842881 /* AFBDPizzaFactory.swift */,
				55EA2EB925398CE900842881 /* AFPizzaFactory.swift */,
				55EA2EBA25398CE900842881 /* AFNYPizzaFactory.swift */,
			);
			path = Factory;
			sourceTree = "<group>";
		};
		55EA2EBB25398CE900842881 /* Iterator */ = {
			isa = PBXGroup;
			children = (
				55EA2F0A25398F6B00842881 /* Readme.md */,
			);
			path = Iterator;
			sourceTree = "<group>";
		};
		55EA2EBC25398CE900842881 /* Singleton */ = {
			isa = PBXGroup;
			children = (
				55EA2F1C25398F8D00842881 /* Readme.md */,
			);
			path = Singleton;
			sourceTree = "<group>";
		};
		55EA2EBD25398CE900842881 /* Facade */ = {
			isa = PBXGroup;
			children = (
				55EA2F0325398EB900842881 /* Readme.md */,
			);
			path = Facade;
			sourceTree = "<group>";
		};
		55EA2EBE25398CEA00842881 /* Strategy */ = {
			isa = PBXGroup;
			children = (
				55EA2F2225398FC900842881 /* Readme.md */,
			);
			path = Strategy;
			sourceTree = "<group>";
		};
		55EA2EBF25398CEA00842881 /* Bridge */ = {
			isa = PBXGroup;
			children = (
				55EA2EC025398CEA00842881 /* Abstraction */,
				55EA2EC325398CEA00842881 /* DPBTester.swift */,
				55EA2EC425398CEA00842881 /* BClient.swift */,
				55EA2EC525398CEA00842881 /* Implementation */,
			);
			path = Bridge;
			sourceTree = "<group>";
		};
		55EA2EC025398CEA00842881 /* Abstraction */ = {
			isa = PBXGroup;
			children = (
				55EA2EC125398CEA00842881 /* BRemoteControl.swift */,
				55EA2EC225398CEA00842881 /* BAdvancedRemoteControl.swift */,
			);
			path = Abstraction;
			sourceTree = "<group>";
		};
		55EA2EC525398CEA00842881 /* Implementation */ = {
			isa = PBXGroup;
			children = (
				55EA2EC625398CEA00842881 /* BRadio.swift */,
				55EA2EC725398CEA00842881 /* BTV.swift */,
				55EA2EC825398CEA00842881 /* BDevice.swift */,
			);
			path = Implementation;
			sourceTree = "<group>";
		};
		55EA2EC925398CEA00842881 /* State */ = {
			isa = PBXGroup;
			children = (
				55EA2F1F25398FC200842881 /* Readme.md */,
			);
			path = State;
			sourceTree = "<group>";
		};
		55EA2F342539919200842881 /* Utils */ = {
			isa = PBXGroup;
			children = (
				55EA2F352539919D00842881 /* AppLogger.swift */,
			);
			path = Utils;
			sourceTree = "<group>";
		};
/* End PBXGroup section */

/* Begin PBXNativeTarget section */
		55B0CF3223A8A60200D4EADB /* DesignPatternGOF */ = {
			isa = PBXNativeTarget;
			buildConfigurationList = 55B0CF4723A8A60500D4EADB /* Build configuration list for PBXNativeTarget "DesignPatternGOF" */;
			buildPhases = (
				55B0CF2F23A8A60200D4EADB /* Sources */,
				55B0CF3023A8A60200D4EADB /* Frameworks */,
				55B0CF3123A8A60200D4EADB /* Resources */,
			);
			buildRules = (
			);
			dependencies = (
			);
			name = DesignPatternGOF;
			productName = DesignPatternGOF;
			productReference = 55B0CF3323A8A60200D4EADB /* DesignPatternGOF.app */;
			productType = "com.apple.product-type.application";
		};
/* End PBXNativeTarget section */

/* Begin PBXProject section */
		55B0CF2B23A8A60200D4EADB /* Project object */ = {
			isa = PBXProject;
			attributes = {
				LastSwiftUpdateCheck = 1130;
				LastUpgradeCheck = 1130;
				ORGANIZATIONNAME = Anjan;
				TargetAttributes = {
					55B0CF3223A8A60200D4EADB = {
						CreatedOnToolsVersion = 11.3;
					};
				};
			};
			buildConfigurationList = 55B0CF2E23A8A60200D4EADB /* Build configuration list for PBXProject "DesignPatternGOF" */;
			compatibilityVersion = "Xcode 9.3";
			developmentRegion = en;
			hasScannedForEncodings = 0;
			knownRegions = (
				en,
				Base,
			);
			mainGroup = 55B0CF2A23A8A60200D4EADB;
			productRefGroup = 55B0CF3423A8A60200D4EADB /* Products */;
			projectDirPath = "";
			projectRoot = "";
			targets = (
				55B0CF3223A8A60200D4EADB /* DesignPatternGOF */,
			);
		};
/* End PBXProject section */

/* Begin PBXResourcesBuildPhase section */
		55B0CF3123A8A60200D4EADB /* Resources */ = {
			isa = PBXResourcesBuildPhase;
			buildActionMask = 2147483647;
			files = (
				555A2CC823D6F479008B71C5 /* builder-comic.png in Resources */,
				555A2CC623D6F2F3008B71C5 /* builder-structure.png in Resources */,
				55E4F44D23ABCA5700B7BE6A /* structure-object-adapter.png in Resources */,
				55B0CF4323A8A60500D4EADB /* LaunchScreen.storyboard in Resources */,
				555A2CC223D6F27F008B71C5 /* builder-solution.png in Resources */,
				555A2CC323D6F27F008B71C5 /* builder-problem2.png in Resources */,
				555A2CC423D6F27F008B71C5 /* builder-director.png in Resources */,
				55B0CF4023A8A60500D4EADB /* Preview Assets.xcassets in Resources */,
				555A2CC123D6F27F008B71C5 /* builder-problem1.png in Resources */,
				55B0CF3D23A8A60500D4EADB /* Assets.xcassets in Resources */,
			);
			runOnlyForDeploymentPostprocessing = 0;
		};
/* End PBXResourcesBuildPhase section */

/* Begin PBXSourcesBuildPhase section */
		55B0CF2F23A8A60200D4EADB /* Sources */ = {
			isa = PBXSourcesBuildPhase;
			buildActionMask = 2147483647;
			files = (
				55EA2EE425398CEA00842881 /* DPAFTester.swift in Sources */,
				55EA2EE625398CEA00842881 /* AFBDStyleClamPizza.swift in Sources */,
				55EA2EE225398CEA00842881 /* FMPizzaFactory.swift in Sources */,
				55EA2ECF25398CEA00842881 /* BRealmQueryBuilder.swift in Sources */,
				55EA2EDB25398CEA00842881 /* ATurkeyAdapter.swift in Sources */,
				55EA2EDC25398CEA00842881 /* DPATester.swift in Sources */,
				55EA2EEC25398CEA00842881 /* AFNYStyleClamPizza.swift in Sources */,
				55EA2EF525398CEA00842881 /* BClient.swift in Sources */,
				55EA2EEA25398CEA00842881 /* AFNYStyleVeggiePizza.swift in Sources */,
				55EA2EEE25398CEA00842881 /* AFPizzaProducer.swift in Sources */,
				55EA2ED225398CEA00842881 /* DBBTester.swift in Sources */,
				55EA2F362539919D00842881 /* AppLogger.swift in Sources */,
				55EA2ED625398CEA00842881 /* AMallardDuck.swift in Sources */,
				55B0CF3723A8A60200D4EADB /* AppDelegate.swift in Sources */,
				55EA2EF325398CEA00842881 /* BAdvancedRemoteControl.swift in Sources */,
				55EA2EE525398CEA00842881 /* AFBDStyleCheesePizza.swift in Sources */,
				55EA2ED825398CEA00842881 /* ADrone.swift in Sources */,
				55EA2EF725398CEA00842881 /* BTV.swift in Sources */,
				55EA2EF025398CEA00842881 /* AFPizzaFactory.swift in Sources */,
				55EA2EDD25398CEA00842881 /* FMNYStyleClamPizza.swift in Sources */,
				55EA2ED425398CEA00842881 /* ATurkey.swift in Sources */,
				55EA2EE025398CEA00842881 /* FMNYStylePepperoniPizza.swift in Sources */,
				55EA2EEB25398CEA00842881 /* AFNYStylePepperoniPizza.swift in Sources */,
				55EA2ECB25398CEA00842881 /* BRealmProvider.swift in Sources */,
				55EA2ECC25398CEA00842881 /* BDomainModel.swift in Sources */,
				55EA2EF425398CEA00842881 /* DPBTester.swift in Sources */,
				55EA2EEF25398CEA00842881 /* AFBDPizzaFactory.swift in Sources */,
				55EA2EE325398CEA00842881 /* DPFMTester.swift in Sources */,
				55B0CF3923A8A60200D4EADB /* SceneDelegate.swift in Sources */,
				55EA2ED325398CEA00842881 /* ADroneAdapter.swift in Sources */,
				55EA2EF225398CEA00842881 /* BRemoteControl.swift in Sources */,
				55EA2ED125398CEA00842881 /* BCoreDataQueryBuilder.swift in Sources */,
				55EA2EF825398CEA00842881 /* BDevice.swift in Sources */,
				55B0CF3B23A8A60300D4EADB /* ContentView.swift in Sources */,
				55EA2ECD25398CEA00842881 /* BUserModel.swift in Sources */,
				55EA2ED725398CEA00842881 /* ADuck.swift in Sources */,
				55EA2EE825398CEA00842881 /* AFBDStylePepperoniPizza.swift in Sources */,
				55EA2EDE25398CEA00842881 /* FMNYStyleCheesePizza.swift in Sources */,
				55EA2EE725398CEA00842881 /* AFBDStyleVeggiePizza.swift in Sources */,
				55EA2EED25398CEA00842881 /* AFPizza.swift in Sources */,
				55EA2ED925398CEA00842881 /* ASuperDrone.swift in Sources */,
				5564E95123A926DE0016C533 /* DPTester.swift in Sources */,
				55EA2EF125398CEA00842881 /* AFNYPizzaFactory.swift in Sources */,
				55EA2EE125398CEA00842881 /* FMPizza.swift in Sources */,
				55EA2ED525398CEA00842881 /* AWildTurkey.swift in Sources */,
				55EA2EDF25398CEA00842881 /* FMNYStyleVeggiePizza.swift in Sources */,
				55EA2EF625398CEA00842881 /* BRadio.swift in Sources */,
				55EA2EE925398CEA00842881 /* AFNYStyleCheesePizza.swift in Sources */,
				55EA2ED025398CEA00842881 /* BBaseQueryBuilder.swift in Sources */,
				55EA2ECA25398CEA00842881 /* BCoreDataProvider.swift in Sources */,
			);
			runOnlyForDeploymentPostprocessing = 0;
		};
/* End PBXSourcesBuildPhase section */

/* Begin PBXVariantGroup section */
		55B0CF4123A8A60500D4EADB /* LaunchScreen.storyboard */ = {
			isa = PBXVariantGroup;
			children = (
				55B0CF4223A8A60500D4EADB /* Base */,
			);
			name = LaunchScreen.storyboard;
			sourceTree = "<group>";
		};
/* End PBXVariantGroup section */

/* Begin XCBuildConfiguration section */
		55B0CF4523A8A60500D4EADB /* Debug */ = {
			isa = XCBuildConfiguration;
			buildSettings = {
				ALWAYS_SEARCH_USER_PATHS = NO;
				CLANG_ANALYZER_NONNULL = YES;
				CLANG_ANALYZER_NUMBER_OBJECT_CONVERSION = YES_AGGRESSIVE;
				CLANG_CXX_LANGUAGE_STANDARD = "gnu++14";
				CLANG_CXX_LIBRARY = "libc++";
				CLANG_ENABLE_MODULES = YES;
				CLANG_ENABLE_OBJC_ARC = YES;
				CLANG_ENABLE_OBJC_WEAK = YES;
				CLANG_WARN_BLOCK_CAPTURE_AUTORELEASING = YES;
				CLANG_WARN_BOOL_CONVERSION = YES;
				CLANG_WARN_COMMA = YES;
				CLANG_WARN_CONSTANT_CONVERSION = YES;
				CLANG_WARN_DEPRECATED_OBJC_IMPLEMENTATIONS = YES;
				CLANG_WARN_DIRECT_OBJC_ISA_USAGE = YES_ERROR;
				CLANG_WARN_DOCUMENTATION_COMMENTS = YES;
				CLANG_WARN_EMPTY_BODY = YES;
				CLANG_WARN_ENUM_CONVERSION = YES;
				CLANG_WARN_INFINITE_RECURSION = YES;
				CLANG_WARN_INT_CONVERSION = YES;
				CLANG_WARN_NON_LITERAL_NULL_CONVERSION = YES;
				CLANG_WARN_OBJC_IMPLICIT_RETAIN_SELF = YES;
				CLANG_WARN_OBJC_LITERAL_CONVERSION = YES;
				CLANG_WARN_OBJC_ROOT_CLASS = YES_ERROR;
				CLANG_WARN_RANGE_LOOP_ANALYSIS = YES;
				CLANG_WARN_STRICT_PROTOTYPES = YES;
				CLANG_WARN_SUSPICIOUS_MOVE = YES;
				CLANG_WARN_UNGUARDED_AVAILABILITY = YES_AGGRESSIVE;
				CLANG_WARN_UNREACHABLE_CODE = YES;
				CLANG_WARN__DUPLICATE_METHOD_MATCH = YES;
				COPY_PHASE_STRIP = NO;
				DEBUG_INFORMATION_FORMAT = dwarf;
				ENABLE_STRICT_OBJC_MSGSEND = YES;
				ENABLE_TESTABILITY = YES;
				GCC_C_LANGUAGE_STANDARD = gnu11;
				GCC_DYNAMIC_NO_PIC = NO;
				GCC_NO_COMMON_BLOCKS = YES;
				GCC_OPTIMIZATION_LEVEL = 0;
				GCC_PREPROCESSOR_DEFINITIONS = (
					"DEBUG=1",
					"$(inherited)",
				);
				GCC_WARN_64_TO_32_BIT_CONVERSION = YES;
				GCC_WARN_ABOUT_RETURN_TYPE = YES_ERROR;
				GCC_WARN_UNDECLARED_SELECTOR = YES;
				GCC_WARN_UNINITIALIZED_AUTOS = YES_AGGRESSIVE;
				GCC_WARN_UNUSED_FUNCTION = YES;
				GCC_WARN_UNUSED_VARIABLE = YES;
				IPHONEOS_DEPLOYMENT_TARGET = 13.0;
				MTL_ENABLE_DEBUG_INFO = INCLUDE_SOURCE;
				MTL_FAST_MATH = YES;
				ONLY_ACTIVE_ARCH = YES;
				SDKROOT = iphoneos;
				SWIFT_ACTIVE_COMPILATION_CONDITIONS = DEBUG;
				SWIFT_OPTIMIZATION_LEVEL = "-Onone";
			};
			name = Debug;
		};
		55B0CF4623A8A60500D4EADB /* Release */ = {
			isa = XCBuildConfiguration;
			buildSettings = {
				ALWAYS_SEARCH_USER_PATHS = NO;
				CLANG_ANALYZER_NONNULL = YES;
				CLANG_ANALYZER_NUMBER_OBJECT_CONVERSION = YES_AGGRESSIVE;
				CLANG_CXX_LANGUAGE_STANDARD = "gnu++14";
				CLANG_CXX_LIBRARY = "libc++";
				CLANG_ENABLE_MODULES = YES;
				CLANG_ENABLE_OBJC_ARC = YES;
				CLANG_ENABLE_OBJC_WEAK = YES;
				CLANG_WARN_BLOCK_CAPTURE_AUTORELEASING = YES;
				CLANG_WARN_BOOL_CONVERSION = YES;
				CLANG_WARN_COMMA = YES;
				CLANG_WARN_CONSTANT_CONVERSION = YES;
				CLANG_WARN_DEPRECATED_OBJC_IMPLEMENTATIONS = YES;
				CLANG_WARN_DIRECT_OBJC_ISA_USAGE = YES_ERROR;
				CLANG_WARN_DOCUMENTATION_COMMENTS = YES;
				CLANG_WARN_EMPTY_BODY = YES;
				CLANG_WARN_ENUM_CONVERSION = YES;
				CLANG_WARN_INFINITE_RECURSION = YES;
				CLANG_WARN_INT_CONVERSION = YES;
				CLANG_WARN_NON_LITERAL_NULL_CONVERSION = YES;
				CLANG_WARN_OBJC_IMPLICIT_RETAIN_SELF = YES;
				CLANG_WARN_OBJC_LITERAL_CONVERSION = YES;
				CLANG_WARN_OBJC_ROOT_CLASS = YES_ERROR;
				CLANG_WARN_RANGE_LOOP_ANALYSIS = YES;
				CLANG_WARN_STRICT_PROTOTYPES = YES;
				CLANG_WARN_SUSPICIOUS_MOVE = YES;
				CLANG_WARN_UNGUARDED_AVAILABILITY = YES_AGGRESSIVE;
				CLANG_WARN_UNREACHABLE_CODE = YES;
				CLANG_WARN__DUPLICATE_METHOD_MATCH = YES;
				COPY_PHASE_STRIP = NO;
				DEBUG_INFORMATION_FORMAT = "dwarf-with-dsym";
				ENABLE_NS_ASSERTIONS = NO;
				ENABLE_STRICT_OBJC_MSGSEND = YES;
				GCC_C_LANGUAGE_STANDARD = gnu11;
				GCC_NO_COMMON_BLOCKS = YES;
				GCC_WARN_64_TO_32_BIT_CONVERSION = YES;
				GCC_WARN_ABOUT_RETURN_TYPE = YES_ERROR;
				GCC_WARN_UNDECLARED_SELECTOR = YES;
				GCC_WARN_UNINITIALIZED_AUTOS = YES_AGGRESSIVE;
				GCC_WARN_UNUSED_FUNCTION = YES;
				GCC_WARN_UNUSED_VARIABLE = YES;
				IPHONEOS_DEPLOYMENT_TARGET = 13.0;
				MTL_ENABLE_DEBUG_INFO = NO;
				MTL_FAST_MATH = YES;
				SDKROOT = iphoneos;
				SWIFT_COMPILATION_MODE = wholemodule;
				SWIFT_OPTIMIZATION_LEVEL = "-O";
				VALIDATE_PRODUCT = YES;
			};
			name = Release;
		};
		55B0CF4823A8A60500D4EADB /* Debug */ = {
			isa = XCBuildConfiguration;
			buildSettings = {
				ASSETCATALOG_COMPILER_APPICON_NAME = AppIcon;
				CODE_SIGN_STYLE = Automatic;
				DEVELOPMENT_ASSET_PATHS = "\"DesignPatternGOF/Preview Content\"";
				DEVELOPMENT_TEAM = 96NM38U4RS;
				ENABLE_PREVIEWS = YES;
				INFOPLIST_FILE = DesignPatternGOF/Info.plist;
				LD_RUNPATH_SEARCH_PATHS = (
					"$(inherited)",
					"@executable_path/Frameworks",
				);
				PRODUCT_BUNDLE_IDENTIFIER = com.anjan.designPatternGOF;
				PRODUCT_NAME = "$(TARGET_NAME)";
				SWIFT_VERSION = 5.0;
				TARGETED_DEVICE_FAMILY = 1;
			};
			name = Debug;
		};
		55B0CF4923A8A60500D4EADB /* Release */ = {
			isa = XCBuildConfiguration;
			buildSettings = {
				ASSETCATALOG_COMPILER_APPICON_NAME = AppIcon;
				CODE_SIGN_STYLE = Automatic;
				DEVELOPMENT_ASSET_PATHS = "\"DesignPatternGOF/Preview Content\"";
				DEVELOPMENT_TEAM = 96NM38U4RS;
				ENABLE_PREVIEWS = YES;
				INFOPLIST_FILE = DesignPatternGOF/Info.plist;
				LD_RUNPATH_SEARCH_PATHS = (
					"$(inherited)",
					"@executable_path/Frameworks",
				);
				PRODUCT_BUNDLE_IDENTIFIER = com.anjan.designPatternGOF;
				PRODUCT_NAME = "$(TARGET_NAME)";
				SWIFT_VERSION = 5.0;
				TARGETED_DEVICE_FAMILY = 1;
			};
			name = Release;
		};
/* End XCBuildConfiguration section */

/* Begin XCConfigurationList section */
		55B0CF2E23A8A60200D4EADB /* Build configuration list for PBXProject "DesignPatternGOF" */ = {
			isa = XCConfigurationList;
			buildConfigurations = (
				55B0CF4523A8A60500D4EADB /* Debug */,
				55B0CF4623A8A60500D4EADB /* Release */,
			);
			defaultConfigurationIsVisible = 0;
			defaultConfigurationName = Release;
		};
		55B0CF4723A8A60500D4EADB /* Build configuration list for PBXNativeTarget "DesignPatternGOF" */ = {
			isa = XCConfigurationList;
			buildConfigurations = (
				55B0CF4823A8A60500D4EADB /* Debug */,
				55B0CF4923A8A60500D4EADB /* Release */,
			);
			defaultConfigurationIsVisible = 0;
			defaultConfigurationName = Release;
		};
/* End XCConfigurationList section */
	};
	rootObject = 55B0CF2B23A8A60200D4EADB /* Project object */;
}
