// !$*UTF8*$!
{
	archiveVersion = 1;
	classes = {
	};
	objectVersion = 50;
	objects = {

/* Begin PBXBuildFile section */
		55B0CF3723A8A60200D4EADB /* AppDelegate.swift in Sources */ = {isa = PBXBuildFile; fileRef = 55B0CF3623A8A60200D4EADB /* AppDelegate.swift */; };
		55B0CF3923A8A60200D4EADB /* SceneDelegate.swift in Sources */ = {isa = PBXBuildFile; fileRef = 55B0CF3823A8A60200D4EADB /* SceneDelegate.swift */; };
		55B0CF3B23A8A60300D4EADB /* ContentView.swift in Sources */ = {isa = PBXBuildFile; fileRef = 55B0CF3A23A8A60300D4EADB /* ContentView.swift */; };
		55B0CF3D23A8A60500D4EADB /* Assets.xcassets in Resources */ = {isa = PBXBuildFile; fileRef = 55B0CF3C23A8A60500D4EADB /* Assets.xcassets */; };
		55B0CF4023A8A60500D4EADB /* Preview Assets.xcassets in Resources */ = {isa = PBXBuildFile; fileRef = 55B0CF3F23A8A60500D4EADB /* Preview Assets.xcassets */; };
		55B0CF4323A8A60500D4EADB /* LaunchScreen.storyboard in Resources */ = {isa = PBXBuildFile; fileRef = 55B0CF4123A8A60500D4EADB /* LaunchScreen.storyboard */; };
/* End PBXBuildFile section */

/* Begin PBXFileReference section */
		55B0CF3323A8A60200D4EADB /* DesignPatternGOF.app */ = {isa = PBXFileReference; explicitFileType = wrapper.application; includeInIndex = 0; path = DesignPatternGOF.app; sourceTree = BUILT_PRODUCTS_DIR; };
		55B0CF3623A8A60200D4EADB /* AppDelegate.swift */ = {isa = PBXFileReference; lastKnownFileType = sourcecode.swift; path = AppDelegate.swift; sourceTree = "<group>"; };
		55B0CF3823A8A60200D4EADB /* SceneDelegate.swift */ = {isa = PBXFileReference; lastKnownFileType = sourcecode.swift; path = SceneDelegate.swift; sourceTree = "<group>"; };
		55B0CF3A23A8A60300D4EADB /* ContentView.swift */ = {isa = PBXFileReference; lastKnownFileType = sourcecode.swift; path = ContentView.swift; sourceTree = "<group>"; };
		55B0CF3C23A8A60500D4EADB /* Assets.xcassets */ = {isa = PBXFileReference; lastKnownFileType = folder.assetcatalog; path = Assets.xcassets; sourceTree = "<group>"; };
		55B0CF3F23A8A60500D4EADB /* Preview Assets.xcassets */ = {isa = PBXFileReference; lastKnownFileType = folder.assetcatalog; path = "Preview Assets.xcassets"; sourceTree = "<group>"; };
		55B0CF4223A8A60500D4EADB /* Base */ = {isa = PBXFileReference; lastKnownFileType = file.storyboard; name = Base; path = Base.lproj/LaunchScreen.storyboard; sourceTree = "<group>"; };
		55B0CF4423A8A60500D4EADB /* Info.plist */ = {isa = PBXFileReference; lastKnownFileType = text.plist.xml; path = Info.plist; sourceTree = "<group>"; };
/* End PBXFileReference section */

/* Begin PBXFrameworksBuildPhase section */
		55B0CF3023A8A60200D4EADB /* Frameworks */ = {
			isa = PBXFrameworksBuildPhase;
			buildActionMask = 2147483647;
			files = (
			);
			runOnlyForDeploymentPostprocessing = 0;
		};
/* End PBXFrameworksBuildPhase section */

/* Begin PBXGroup section */
		55B0CF2A23A8A60200D4EADB = {
			isa = PBXGroup;
			children = (
				55B0CF3523A8A60200D4EADB /* DesignPatternGOF */,
				55B0CF3423A8A60200D4EADB /* Products */,
			);
			sourceTree = "<group>";
		};
		55B0CF3423A8A60200D4EADB /* Products */ = {
			isa = PBXGroup;
			children = (
				55B0CF3323A8A60200D4EADB /* DesignPatternGOF.app */,
			);
			name = Products;
			sourceTree = "<group>";
		};
		55B0CF3523A8A60200D4EADB /* DesignPatternGOF */ = {
			isa = PBXGroup;
			children = (
				55B0CF3623A8A60200D4EADB /* AppDelegate.swift */,
				55B0CF3823A8A60200D4EADB /* SceneDelegate.swift */,
				55B0CF3A23A8A60300D4EADB /* ContentView.swift */,
				55B0CF3C23A8A60500D4EADB /* Assets.xcassets */,
				55B0CF4123A8A60500D4EADB /* LaunchScreen.storyboard */,
				55B0CF4423A8A60500D4EADB /* Info.plist */,
				55B0CF3E23A8A60500D4EADB /* Preview Content */,
			);
			path = DesignPatternGOF;
			sourceTree = "<group>";
		};
		55B0CF3E23A8A60500D4EADB /* Preview Content */ = {
			isa = PBXGroup;
			children = (
				55B0CF3F23A8A60500D4EADB /* Preview Assets.xcassets */,
			);
			path = "Preview Content";
			sourceTree = "<group>";
		};
/* End PBXGroup section */

/* Begin PBXNativeTarget section */
		55B0CF3223A8A60200D4EADB /* DesignPatternGOF */ = {
			isa = PBXNativeTarget;
			buildConfigurationList = 55B0CF4723A8A60500D4EADB /* Build configuration list for PBXNativeTarget "DesignPatternGOF" */;
			buildPhases = (
				55B0CF2F23A8A60200D4EADB /* Sources */,
				55B0CF3023A8A60200D4EADB /* Frameworks */,
				55B0CF3123A8A60200D4EADB /* Resources */,
			);
			buildRules = (
			);
			dependencies = (
			);
			name = DesignPatternGOF;
			productName = DesignPatternGOF;
			productReference = 55B0CF3323A8A60200D4EADB /* DesignPatternGOF.app */;
			productType = "com.apple.product-type.application";
		};
/* End PBXNativeTarget section */

/* Begin PBXProject section */
		55B0CF2B23A8A60200D4EADB /* Project object */ = {
			isa = PBXProject;
			attributes = {
				LastSwiftUpdateCheck = 1130;
				LastUpgradeCheck = 1130;
				ORGANIZATIONNAME = Anjan;
				TargetAttributes = {
					55B0CF3223A8A60200D4EADB = {
						CreatedOnToolsVersion = 11.3;
					};
				};
			};
			buildConfigurationList = 55B0CF2E23A8A60200D4EADB /* Build configuration list for PBXProject "DesignPatternGOF" */;
			compatibilityVersion = "Xcode 9.3";
			developmentRegion = en;
			hasScannedForEncodings = 0;
			knownRegions = (
				en,
				Base,
			);
			mainGroup = 55B0CF2A23A8A60200D4EADB;
			productRefGroup = 55B0CF3423A8A60200D4EADB /* Products */;
			projectDirPath = "";
			projectRoot = "";
			targets = (
				55B0CF3223A8A60200D4EADB /* DesignPatternGOF */,
			);
		};
/* End PBXProject section */

/* Begin PBXResourcesBuildPhase section */
		55B0CF3123A8A60200D4EADB /* Resources */ = {
			isa = PBXResourcesBuildPhase;
			buildActionMask = 2147483647;
			files = (
				55B0CF4323A8A60500D4EADB /* LaunchScreen.storyboard in Resources */,
				55B0CF4023A8A60500D4EADB /* Preview Assets.xcassets in Resources */,
				55B0CF3D23A8A60500D4EADB /* Assets.xcassets in Resources */,
			);
			runOnlyForDeploymentPostprocessing = 0;
		};
/* End PBXResourcesBuildPhase section */

/* Begin PBXSourcesBuildPhase section */
		55B0CF2F23A8A60200D4EADB /* Sources */ = {
			isa = PBXSourcesBuildPhase;
			buildActionMask = 2147483647;
			files = (
				55B0CF3723A8A60200D4EADB /* AppDelegate.swift in Sources */,
				55B0CF3923A8A60200D4EADB /* SceneDelegate.swift in Sources */,
				55B0CF3B23A8A60300D4EADB /* ContentView.swift in Sources */,
			);
			runOnlyForDeploymentPostprocessing = 0;
		};
/* End PBXSourcesBuildPhase section */

/* Begin PBXVariantGroup section */
		55B0CF4123A8A60500D4EADB /* LaunchScreen.storyboard */ = {
			isa = PBXVariantGroup;
			children = (
				55B0CF4223A8A60500D4EADB /* Base */,
			);
			name = LaunchScreen.storyboard;
			sourceTree = "<group>";
		};
/* End PBXVariantGroup section */

/* Begin XCBuildConfiguration section */
		55B0CF4523A8A60500D4EADB /* Debug */ = {
			isa = XCBuildConfiguration;
			buildSettings = {
				ALWAYS_SEARCH_USER_PATHS = NO;
				CLANG_ANALYZER_NONNULL = YES;
				CLANG_ANALYZER_NUMBER_OBJECT_CONVERSION = YES_AGGRESSIVE;
				CLANG_CXX_LANGUAGE_STANDARD = "gnu++14";
				CLANG_CXX_LIBRARY = "libc++";
				CLANG_ENABLE_MODULES = YES;
				CLANG_ENABLE_OBJC_ARC = YES;
				CLANG_ENABLE_OBJC_WEAK = YES;
				CLANG_WARN_BLOCK_CAPTURE_AUTORELEASING = YES;
				CLANG_WARN_BOOL_CONVERSION = YES;
				CLANG_WARN_COMMA = YES;
				CLANG_WARN_CONSTANT_CONVERSION = YES;
				CLANG_WARN_DEPRECATED_OBJC_IMPLEMENTATIONS = YES;
				CLANG_WARN_DIRECT_OBJC_ISA_USAGE = YES_ERROR;
				CLANG_WARN_DOCUMENTATION_COMMENTS = YES;
				CLANG_WARN_EMPTY_BODY = YES;
				CLANG_WARN_ENUM_CONVERSION = YES;
				CLANG_WARN_INFINITE_RECURSION = YES;
				CLANG_WARN_INT_CONVERSION = YES;
				CLANG_WARN_NON_LITERAL_NULL_CONVERSION = YES;
				CLANG_WARN_OBJC_IMPLICIT_RETAIN_SELF = YES;
				CLANG_WARN_OBJC_LITERAL_CONVERSION = YES;
				CLANG_WARN_OBJC_ROOT_CLASS = YES_ERROR;
				CLANG_WARN_RANGE_LOOP_ANALYSIS = YES;
				CLANG_WARN_STRICT_PROTOTYPES = YES;
				CLANG_WARN_SUSPICIOUS_MOVE = YES;
				CLANG_WARN_UNGUARDED_AVAILABILITY = YES_AGGRESSIVE;
				CLANG_WARN_UNREACHABLE_CODE = YES;
				CLANG_WARN__DUPLICATE_METHOD_MATCH = YES;
				COPY_PHASE_STRIP = NO;
				DEBUG_INFORMATION_FORMAT = dwarf;
				ENABLE_STRICT_OBJC_MSGSEND = YES;
				ENABLE_TESTABILITY = YES;
				GCC_C_LANGUAGE_STANDARD = gnu11;
				GCC_DYNAMIC_NO_PIC = NO;
				GCC_NO_COMMON_BLOCKS = YES;
				GCC_OPTIMIZATION_LEVEL = 0;
				GCC_PREPROCESSOR_DEFINITIONS = (
					"DEBUG=1",
					"$(inherited)",
				);
				GCC_WARN_64_TO_32_BIT_CONVERSION = YES;
				GCC_WARN_ABOUT_RETURN_TYPE = YES_ERROR;
				GCC_WARN_UNDECLARED_SELECTOR = YES;
				GCC_WARN_UNINITIALIZED_AUTOS = YES_AGGRESSIVE;
				GCC_WARN_UNUSED_FUNCTION = YES;
				GCC_WARN_UNUSED_VARIABLE = YES;
				IPHONEOS_DEPLOYMENT_TARGET = 13.0;
				MTL_ENABLE_DEBUG_INFO = INCLUDE_SOURCE;
				MTL_FAST_MATH = YES;
				ONLY_ACTIVE_ARCH = YES;
				SDKROOT = iphoneos;
				SWIFT_ACTIVE_COMPILATION_CONDITIONS = DEBUG;
				SWIFT_OPTIMIZATION_LEVEL = "-Onone";
			};
			name = Debug;
		};
		55B0CF4623A8A60500D4EADB /* Release */ = {
			isa = XCBuildConfiguration;
			buildSettings = {
				ALWAYS_SEARCH_USER_PATHS = NO;
				CLANG_ANALYZER_NONNULL = YES;
				CLANG_ANALYZER_NUMBER_OBJECT_CONVERSION = YES_AGGRESSIVE;
				CLANG_CXX_LANGUAGE_STANDARD = "gnu++14";
				CLANG_CXX_LIBRARY = "libc++";
				CLANG_ENABLE_MODULES = YES;
				CLANG_ENABLE_OBJC_ARC = YES;
				CLANG_ENABLE_OBJC_WEAK = YES;
				CLANG_WARN_BLOCK_CAPTURE_AUTORELEASING = YES;
				CLANG_WARN_BOOL_CONVERSION = YES;
				CLANG_WARN_COMMA = YES;
				CLANG_WARN_CONSTANT_CONVERSION = YES;
				CLANG_WARN_DEPRECATED_OBJC_IMPLEMENTATIONS = YES;
				CLANG_WARN_DIRECT_OBJC_ISA_USAGE = YES_ERROR;
				CLANG_WARN_DOCUMENTATION_COMMENTS = YES;
				CLANG_WARN_EMPTY_BODY = YES;
				CLANG_WARN_ENUM_CONVERSION = YES;
				CLANG_WARN_INFINITE_RECURSION = YES;
				CLANG_WARN_INT_CONVERSION = YES;
				CLANG_WARN_NON_LITERAL_NULL_CONVERSION = YES;
				CLANG_WARN_OBJC_IMPLICIT_RETAIN_SELF = YES;
				CLANG_WARN_OBJC_LITERAL_CONVERSION = YES;
				CLANG_WARN_OBJC_ROOT_CLASS = YES_ERROR;
				CLANG_WARN_RANGE_LOOP_ANALYSIS = YES;
				CLANG_WARN_STRICT_PROTOTYPES = YES;
				CLANG_WARN_SUSPICIOUS_MOVE = YES;
				CLANG_WARN_UNGUARDED_AVAILABILITY = YES_AGGRESSIVE;
				CLANG_WARN_UNREACHABLE_CODE = YES;
				CLANG_WARN__DUPLICATE_METHOD_MATCH = YES;
				COPY_PHASE_STRIP = NO;
				DEBUG_INFORMATION_FORMAT = "dwarf-with-dsym";
				ENABLE_NS_ASSERTIONS = NO;
				ENABLE_STRICT_OBJC_MSGSEND = YES;
				GCC_C_LANGUAGE_STANDARD = gnu11;
				GCC_NO_COMMON_BLOCKS = YES;
				GCC_WARN_64_TO_32_BIT_CONVERSION = YES;
				GCC_WARN_ABOUT_RETURN_TYPE = YES_ERROR;
				GCC_WARN_UNDECLARED_SELECTOR = YES;
				GCC_WARN_UNINITIALIZED_AUTOS = YES_AGGRESSIVE;
				GCC_WARN_UNUSED_FUNCTION = YES;
				GCC_WARN_UNUSED_VARIABLE = YES;
				IPHONEOS_DEPLOYMENT_TARGET = 13.0;
				MTL_ENABLE_DEBUG_INFO = NO;
				MTL_FAST_MATH = YES;
				SDKROOT = iphoneos;
				SWIFT_COMPILATION_MODE = wholemodule;
				SWIFT_OPTIMIZATION_LEVEL = "-O";
				VALIDATE_PRODUCT = YES;
			};
			name = Release;
		};
		55B0CF4823A8A60500D4EADB /* Debug */ = {
			isa = XCBuildConfiguration;
			buildSettings = {
				ASSETCATALOG_COMPILER_APPICON_NAME = AppIcon;
				CODE_SIGN_STYLE = Automatic;
				DEVELOPMENT_ASSET_PATHS = "\"DesignPatternGOF/Preview Content\"";
				DEVELOPMENT_TEAM = 96NM38U4RS;
				ENABLE_PREVIEWS = YES;
				INFOPLIST_FILE = DesignPatternGOF/Info.plist;
				LD_RUNPATH_SEARCH_PATHS = (
					"$(inherited)",
					"@executable_path/Frameworks",
				);
				PRODUCT_BUNDLE_IDENTIFIER = com.anjan.designPatternGOF;
				PRODUCT_NAME = "$(TARGET_NAME)";
				SWIFT_VERSION = 5.0;
				TARGETED_DEVICE_FAMILY = 1;
			};
			name = Debug;
		};
		55B0CF4923A8A60500D4EADB /* Release */ = {
			isa = XCBuildConfiguration;
			buildSettings = {
				ASSETCATALOG_COMPILER_APPICON_NAME = AppIcon;
				CODE_SIGN_STYLE = Automatic;
				DEVELOPMENT_ASSET_PATHS = "\"DesignPatternGOF/Preview Content\"";
				DEVELOPMENT_TEAM = 96NM38U4RS;
				ENABLE_PREVIEWS = YES;
				INFOPLIST_FILE = DesignPatternGOF/Info.plist;
				LD_RUNPATH_SEARCH_PATHS = (
					"$(inherited)",
					"@executable_path/Frameworks",
				);
				PRODUCT_BUNDLE_IDENTIFIER = com.anjan.designPatternGOF;
				PRODUCT_NAME = "$(TARGET_NAME)";
				SWIFT_VERSION = 5.0;
				TARGETED_DEVICE_FAMILY = 1;
			};
			name = Release;
		};
/* End XCBuildConfiguration section */

/* Begin XCConfigurationList section */
		55B0CF2E23A8A60200D4EADB /* Build configuration list for PBXProject "DesignPatternGOF" */ = {
			isa = XCConfigurationList;
			buildConfigurations = (
				55B0CF4523A8A60500D4EADB /* Debug */,
				55B0CF4623A8A60500D4EADB /* Release */,
			);
			defaultConfigurationIsVisible = 0;
			defaultConfigurationName = Release;
		};
		55B0CF4723A8A60500D4EADB /* Build configuration list for PBXNativeTarget "DesignPatternGOF" */ = {
			isa = XCConfigurationList;
			buildConfigurations = (
				55B0CF4823A8A60500D4EADB /* Debug */,
				55B0CF4923A8A60500D4EADB /* Release */,
			);
			defaultConfigurationIsVisible = 0;
			defaultConfigurationName = Release;
		};
/* End XCConfigurationList section */
	};
	rootObject = 55B0CF2B23A8A60200D4EADB /* Project object */;
}
