// !$*UTF8*$!
{
	archiveVersion = 1;
	classes = {
	};
	objectVersion = 50;
	objects = {

/* Begin PBXBuildFile section */
		5513802A23AA6899008F9210 /* AFNYStyleCheesePizza.swift in Sources */ = {isa = PBXBuildFile; fileRef = 5513802923AA6899008F9210 /* AFNYStyleCheesePizza.swift */; };
		5513802C23AA68BA008F9210 /* AFPizza.swift in Sources */ = {isa = PBXBuildFile; fileRef = 5513802B23AA68BA008F9210 /* AFPizza.swift */; };
		5513802E23AA68FE008F9210 /* AFNYStyleClamPizza.swift in Sources */ = {isa = PBXBuildFile; fileRef = 5513802D23AA68FE008F9210 /* AFNYStyleClamPizza.swift */; };
		5513803123AA692C008F9210 /* AFNYStylePepperoniPizza.swift in Sources */ = {isa = PBXBuildFile; fileRef = 5513803023AA692C008F9210 /* AFNYStylePepperoniPizza.swift */; };
		5513803323AA6951008F9210 /* AFNYStyleVeggiePizza.swift in Sources */ = {isa = PBXBuildFile; fileRef = 5513803223AA6951008F9210 /* AFNYStyleVeggiePizza.swift */; };
		5513803523AA69A0008F9210 /* AFBDStyleCheesePizza.swift in Sources */ = {isa = PBXBuildFile; fileRef = 5513803423AA69A0008F9210 /* AFBDStyleCheesePizza.swift */; };
		5513803723AA69AE008F9210 /* AFBDStyleClamPizza.swift in Sources */ = {isa = PBXBuildFile; fileRef = 5513803623AA69AE008F9210 /* AFBDStyleClamPizza.swift */; };
		5513803923AA69BD008F9210 /* AFBDStylePepperoniPizza.swift in Sources */ = {isa = PBXBuildFile; fileRef = 5513803823AA69BD008F9210 /* AFBDStylePepperoniPizza.swift */; };
		5513803B23AA69CC008F9210 /* AFBDStyleVeggiePizza.swift in Sources */ = {isa = PBXBuildFile; fileRef = 5513803A23AA69CC008F9210 /* AFBDStyleVeggiePizza.swift */; };
		5513803E23AA6B57008F9210 /* AFPizzaFactory.swift in Sources */ = {isa = PBXBuildFile; fileRef = 5513803D23AA6B57008F9210 /* AFPizzaFactory.swift */; };
		5513804023AA6C6C008F9210 /* AFNYPizzaFactory.swift in Sources */ = {isa = PBXBuildFile; fileRef = 5513803F23AA6C6C008F9210 /* AFNYPizzaFactory.swift */; };
		5564E94023A8FA060016C533 /* FMPizza.swift in Sources */ = {isa = PBXBuildFile; fileRef = 5564E93F23A8FA060016C533 /* FMPizza.swift */; };
		5564E94323A911560016C533 /* FMNYStyleCheesePizza.swift in Sources */ = {isa = PBXBuildFile; fileRef = 5564E94223A911560016C533 /* FMNYStyleCheesePizza.swift */; };
		5564E94523A9129B0016C533 /* FMNYStyleClamPizza.swift in Sources */ = {isa = PBXBuildFile; fileRef = 5564E94423A9129B0016C533 /* FMNYStyleClamPizza.swift */; };
		5564E94723A9130B0016C533 /* FMNYStylePepperoniPizza.swift in Sources */ = {isa = PBXBuildFile; fileRef = 5564E94623A9130B0016C533 /* FMNYStylePepperoniPizza.swift */; };
		5564E94923A9137B0016C533 /* FMNYStyleVeggiePizza.swift in Sources */ = {isa = PBXBuildFile; fileRef = 5564E94823A9137B0016C533 /* FMNYStyleVeggiePizza.swift */; };
		5564E94B23A914720016C533 /* FMPizzaFactory.swift in Sources */ = {isa = PBXBuildFile; fileRef = 5564E94A23A914720016C533 /* FMPizzaFactory.swift */; };
		5564E95123A926DE0016C533 /* DPTester.swift in Sources */ = {isa = PBXBuildFile; fileRef = 5564E95023A926DE0016C533 /* DPTester.swift */; };
		5564E95323A927140016C533 /* DPFMTester.swift in Sources */ = {isa = PBXBuildFile; fileRef = 5564E95223A927140016C533 /* DPFMTester.swift */; };
		55B0CF3723A8A60200D4EADB /* AppDelegate.swift in Sources */ = {isa = PBXBuildFile; fileRef = 55B0CF3623A8A60200D4EADB /* AppDelegate.swift */; };
		55B0CF3923A8A60200D4EADB /* SceneDelegate.swift in Sources */ = {isa = PBXBuildFile; fileRef = 55B0CF3823A8A60200D4EADB /* SceneDelegate.swift */; };
		55B0CF3B23A8A60300D4EADB /* ContentView.swift in Sources */ = {isa = PBXBuildFile; fileRef = 55B0CF3A23A8A60300D4EADB /* ContentView.swift */; };
		55B0CF3D23A8A60500D4EADB /* Assets.xcassets in Resources */ = {isa = PBXBuildFile; fileRef = 55B0CF3C23A8A60500D4EADB /* Assets.xcassets */; };
		55B0CF4023A8A60500D4EADB /* Preview Assets.xcassets in Resources */ = {isa = PBXBuildFile; fileRef = 55B0CF3F23A8A60500D4EADB /* Preview Assets.xcassets */; };
		55B0CF4323A8A60500D4EADB /* LaunchScreen.storyboard in Resources */ = {isa = PBXBuildFile; fileRef = 55B0CF4123A8A60500D4EADB /* LaunchScreen.storyboard */; };
		55E4F44223AA72FE00B7BE6A /* AFBDPizzaFactory.swift in Sources */ = {isa = PBXBuildFile; fileRef = 55E4F44123AA72FE00B7BE6A /* AFBDPizzaFactory.swift */; };
		55E4F44423AA742400B7BE6A /* AFPizzaProducer.swift in Sources */ = {isa = PBXBuildFile; fileRef = 55E4F44323AA742400B7BE6A /* AFPizzaProducer.swift */; };
		55E4F44623AA755B00B7BE6A /* DPAFTester.swift in Sources */ = {isa = PBXBuildFile; fileRef = 55E4F44523AA755B00B7BE6A /* DPAFTester.swift */; };
		55E4F44823ABC91A00B7BE6A /* Readme.md in Resources */ = {isa = PBXBuildFile; fileRef = 55E4F44723ABC91A00B7BE6A /* Readme.md */; };
		55E4F44A23ABC9B600B7BE6A /* README.md in Resources */ = {isa = PBXBuildFile; fileRef = 55E4F44923ABC9B600B7BE6A /* README.md */; };
		55E4F44D23ABCA5700B7BE6A /* structure-object-adapter.png in Resources */ = {isa = PBXBuildFile; fileRef = 55E4F44C23ABCA5700B7BE6A /* structure-object-adapter.png */; };
/* End PBXBuildFile section */

/* Begin PBXFileReference section */
		5513802923AA6899008F9210 /* AFNYStyleCheesePizza.swift */ = {isa = PBXFileReference; lastKnownFileType = sourcecode.swift; path = AFNYStyleCheesePizza.swift; sourceTree = "<group>"; };
		5513802B23AA68BA008F9210 /* AFPizza.swift */ = {isa = PBXFileReference; lastKnownFileType = sourcecode.swift; path = AFPizza.swift; sourceTree = "<group>"; };
		5513802D23AA68FE008F9210 /* AFNYStyleClamPizza.swift */ = {isa = PBXFileReference; lastKnownFileType = sourcecode.swift; path = AFNYStyleClamPizza.swift; sourceTree = "<group>"; };
		5513803023AA692C008F9210 /* AFNYStylePepperoniPizza.swift */ = {isa = PBXFileReference; lastKnownFileType = sourcecode.swift; path = AFNYStylePepperoniPizza.swift; sourceTree = "<group>"; };
		5513803223AA6951008F9210 /* AFNYStyleVeggiePizza.swift */ = {isa = PBXFileReference; lastKnownFileType = sourcecode.swift; path = AFNYStyleVeggiePizza.swift; sourceTree = "<group>"; };
		5513803423AA69A0008F9210 /* AFBDStyleCheesePizza.swift */ = {isa = PBXFileReference; lastKnownFileType = sourcecode.swift; path = AFBDStyleCheesePizza.swift; sourceTree = "<group>"; };
		5513803623AA69AE008F9210 /* AFBDStyleClamPizza.swift */ = {isa = PBXFileReference; lastKnownFileType = sourcecode.swift; path = AFBDStyleClamPizza.swift; sourceTree = "<group>"; };
		5513803823AA69BD008F9210 /* AFBDStylePepperoniPizza.swift */ = {isa = PBXFileReference; lastKnownFileType = sourcecode.swift; path = AFBDStylePepperoniPizza.swift; sourceTree = "<group>"; };
		5513803A23AA69CC008F9210 /* AFBDStyleVeggiePizza.swift */ = {isa = PBXFileReference; lastKnownFileType = sourcecode.swift; path = AFBDStyleVeggiePizza.swift; sourceTree = "<group>"; };
		5513803D23AA6B57008F9210 /* AFPizzaFactory.swift */ = {isa = PBXFileReference; lastKnownFileType = sourcecode.swift; path = AFPizzaFactory.swift; sourceTree = "<group>"; };
		5513803F23AA6C6C008F9210 /* AFNYPizzaFactory.swift */ = {isa = PBXFileReference; lastKnownFileType = sourcecode.swift; path = AFNYPizzaFactory.swift; sourceTree = "<group>"; };
		5564E93F23A8FA060016C533 /* FMPizza.swift */ = {isa = PBXFileReference; lastKnownFileType = sourcecode.swift; path = FMPizza.swift; sourceTree = "<group>"; };
		5564E94223A911560016C533 /* FMNYStyleCheesePizza.swift */ = {isa = PBXFileReference; lastKnownFileType = sourcecode.swift; path = FMNYStyleCheesePizza.swift; sourceTree = "<group>"; };
		5564E94423A9129B0016C533 /* FMNYStyleClamPizza.swift */ = {isa = PBXFileReference; lastKnownFileType = sourcecode.swift; path = FMNYStyleClamPizza.swift; sourceTree = "<group>"; };
		5564E94623A9130B0016C533 /* FMNYStylePepperoniPizza.swift */ = {isa = PBXFileReference; lastKnownFileType = sourcecode.swift; path = FMNYStylePepperoniPizza.swift; sourceTree = "<group>"; };
		5564E94823A9137B0016C533 /* FMNYStyleVeggiePizza.swift */ = {isa = PBXFileReference; lastKnownFileType = sourcecode.swift; path = FMNYStyleVeggiePizza.swift; sourceTree = "<group>"; };
		5564E94A23A914720016C533 /* FMPizzaFactory.swift */ = {isa = PBXFileReference; lastKnownFileType = sourcecode.swift; path = FMPizzaFactory.swift; sourceTree = "<group>"; };
		5564E95023A926DE0016C533 /* DPTester.swift */ = {isa = PBXFileReference; lastKnownFileType = sourcecode.swift; path = DPTester.swift; sourceTree = "<group>"; };
		5564E95223A927140016C533 /* DPFMTester.swift */ = {isa = PBXFileReference; lastKnownFileType = sourcecode.swift; path = DPFMTester.swift; sourceTree = "<group>"; };
		55B0CF3323A8A60200D4EADB /* DesignPatternGOF.app */ = {isa = PBXFileReference; explicitFileType = wrapper.application; includeInIndex = 0; path = DesignPatternGOF.app; sourceTree = BUILT_PRODUCTS_DIR; };
		55B0CF3623A8A60200D4EADB /* AppDelegate.swift */ = {isa = PBXFileReference; lastKnownFileType = sourcecode.swift; path = AppDelegate.swift; sourceTree = "<group>"; };
		55B0CF3823A8A60200D4EADB /* SceneDelegate.swift */ = {isa = PBXFileReference; lastKnownFileType = sourcecode.swift; path = SceneDelegate.swift; sourceTree = "<group>"; };
		55B0CF3A23A8A60300D4EADB /* ContentView.swift */ = {isa = PBXFileReference; lastKnownFileType = sourcecode.swift; path = ContentView.swift; sourceTree = "<group>"; };
		55B0CF3C23A8A60500D4EADB /* Assets.xcassets */ = {isa = PBXFileReference; lastKnownFileType = folder.assetcatalog; path = Assets.xcassets; sourceTree = "<group>"; };
		55B0CF3F23A8A60500D4EADB /* Preview Assets.xcassets */ = {isa = PBXFileReference; lastKnownFileType = folder.assetcatalog; path = "Preview Assets.xcassets"; sourceTree = "<group>"; };
		55B0CF4223A8A60500D4EADB /* Base */ = {isa = PBXFileReference; lastKnownFileType = file.storyboard; name = Base; path = Base.lproj/LaunchScreen.storyboard; sourceTree = "<group>"; };
		55B0CF4423A8A60500D4EADB /* Info.plist */ = {isa = PBXFileReference; lastKnownFileType = text.plist.xml; path = Info.plist; sourceTree = "<group>"; };
		55E4F44123AA72FE00B7BE6A /* AFBDPizzaFactory.swift */ = {isa = PBXFileReference; fileEncoding = 4; lastKnownFileType = sourcecode.swift; path = AFBDPizzaFactory.swift; sourceTree = "<group>"; };
		55E4F44323AA742400B7BE6A /* AFPizzaProducer.swift */ = {isa = PBXFileReference; lastKnownFileType = sourcecode.swift; path = AFPizzaProducer.swift; sourceTree = "<group>"; };
		55E4F44523AA755B00B7BE6A /* DPAFTester.swift */ = {isa = PBXFileReference; lastKnownFileType = sourcecode.swift; path = DPAFTester.swift; sourceTree = "<group>"; };
		55E4F44723ABC91A00B7BE6A /* Readme.md */ = {isa = PBXFileReference; lastKnownFileType = net.daringfireball.markdown; path = Readme.md; sourceTree = "<group>"; };
		55E4F44923ABC9B600B7BE6A /* README.md */ = {isa = PBXFileReference; fileEncoding = 4; lastKnownFileType = net.daringfireball.markdown; path = README.md; sourceTree = "<group>"; };
		55E4F44C23ABCA5700B7BE6A /* structure-object-adapter.png */ = {isa = PBXFileReference; lastKnownFileType = image.png; path = "structure-object-adapter.png"; sourceTree = "<group>"; };
/* End PBXFileReference section */

/* Begin PBXFrameworksBuildPhase section */
		55B0CF3023A8A60200D4EADB /* Frameworks */ = {
			isa = PBXFrameworksBuildPhase;
			buildActionMask = 2147483647;
			files = (
			);
			runOnlyForDeploymentPostprocessing = 0;
		};
/* End PBXFrameworksBuildPhase section */

/* Begin PBXGroup section */
		5513802623AA6857008F9210 /* Models */ = {
			isa = PBXGroup;
			children = (
				5513802823AA6871008F9210 /* BDModel */,
				5513802723AA686A008F9210 /* NYModel */,
				5513802B23AA68BA008F9210 /* AFPizza.swift */,
			);
			path = Models;
			sourceTree = "<group>";
		};
		5513802723AA686A008F9210 /* NYModel */ = {
			isa = PBXGroup;
			children = (
				5513802923AA6899008F9210 /* AFNYStyleCheesePizza.swift */,
				5513802D23AA68FE008F9210 /* AFNYStyleClamPizza.swift */,
				5513803023AA692C008F9210 /* AFNYStylePepperoniPizza.swift */,
				5513803223AA6951008F9210 /* AFNYStyleVeggiePizza.swift */,
			);
			path = NYModel;
			sourceTree = "<group>";
		};
		5513802823AA6871008F9210 /* BDModel */ = {
			isa = PBXGroup;
			children = (
				5513803423AA69A0008F9210 /* AFBDStyleCheesePizza.swift */,
				5513803623AA69AE008F9210 /* AFBDStyleClamPizza.swift */,
				5513803823AA69BD008F9210 /* AFBDStylePepperoniPizza.swift */,
				5513803A23AA69CC008F9210 /* AFBDStyleVeggiePizza.swift */,
			);
			path = BDModel;
			sourceTree = "<group>";
		};
		5513803C23AA6B3E008F9210 /* Factory */ = {
			isa = PBXGroup;
			children = (
				5513803D23AA6B57008F9210 /* AFPizzaFactory.swift */,
				5513803F23AA6C6C008F9210 /* AFNYPizzaFactory.swift */,
				55E4F44123AA72FE00B7BE6A /* AFBDPizzaFactory.swift */,
			);
			path = Factory;
			sourceTree = "<group>";
		};
		5564E92523A8E8EA0016C533 /* Patterns */ = {
			isa = PBXGroup;
			children = (
				5564E92623A8E9000016C533 /* AbstractFactory */,
				5564E92823A8E91A0016C533 /* Adapter */,
				5564E92923A8E92F0016C533 /* Bridge */,
				5564E92A23A8E9370016C533 /* Builder */,
				5564E92B23A8E9450016C533 /* ChainOfResponsibility */,
				5564E92C23A8E9550016C533 /* Command */,
				5564E92D23A8E95D0016C533 /* Composite */,
				5564E92E23A8E9640016C533 /* Decorator */,
				5564E92F23A8E96C0016C533 /* Facade */,
				5564E93023A8E9780016C533 /* FactoryMethod */,
				5564E93123A8E9850016C533 /* Flyweight */,
				5564E93223A8E98D0016C533 /* Interpreter */,
				5564E93323A8E9950016C533 /* Iterator */,
				5564E93423A8E99F0016C533 /* Mediator */,
				5564E93523A8E9A80016C533 /* Memento */,
				5564E93623A8E9C10016C533 /* Observer */,
				5564E93723A8E9C90016C533 /* Prototype */,
				5564E93923A8E9D70016C533 /* Singleton */,
				5564E93823A8E9D00016C533 /* Proxy */,
				5564E93A23A8E9DE0016C533 /* State */,
				5564E93B23A8E9E50016C533 /* Strategy */,
				5564E93C23A8E9F30016C533 /* TemplateMethod */,
				5564E93D23A8E9FF0016C533 /* Visitor */,
			);
			path = Patterns;
			sourceTree = "<group>";
		};
		5564E92623A8E9000016C533 /* AbstractFactory */ = {
			isa = PBXGroup;
			children = (
				5513803C23AA6B3E008F9210 /* Factory */,
				5513802623AA6857008F9210 /* Models */,
				55E4F44323AA742400B7BE6A /* AFPizzaProducer.swift */,
				55E4F44523AA755B00B7BE6A /* DPAFTester.swift */,
			);
			path = AbstractFactory;
			sourceTree = "<group>";
		};
		5564E92823A8E91A0016C533 /* Adapter */ = {
			isa = PBXGroup;
			children = (
				55E4F44723ABC91A00B7BE6A /* Readme.md */,
			);
			path = Adapter;
			sourceTree = "<group>";
		};
		5564E92923A8E92F0016C533 /* Bridge */ = {
			isa = PBXGroup;
			children = (
			);
			path = Bridge;
			sourceTree = "<group>";
		};
		5564E92A23A8E9370016C533 /* Builder */ = {
			isa = PBXGroup;
			children = (
			);
			path = Builder;
			sourceTree = "<group>";
		};
		5564E92B23A8E9450016C533 /* ChainOfResponsibility */ = {
			isa = PBXGroup;
			children = (
			);
			path = ChainOfResponsibility;
			sourceTree = "<group>";
		};
		5564E92C23A8E9550016C533 /* Command */ = {
			isa = PBXGroup;
			children = (
			);
			path = Command;
			sourceTree = "<group>";
		};
		5564E92D23A8E95D0016C533 /* Composite */ = {
			isa = PBXGroup;
			children = (
			);
			path = Composite;
			sourceTree = "<group>";
		};
		5564E92E23A8E9640016C533 /* Decorator */ = {
			isa = PBXGroup;
			children = (
			);
			path = Decorator;
			sourceTree = "<group>";
		};
		5564E92F23A8E96C0016C533 /* Facade */ = {
			isa = PBXGroup;
			children = (
			);
			path = Facade;
			sourceTree = "<group>";
		};
		5564E93023A8E9780016C533 /* FactoryMethod */ = {
			isa = PBXGroup;
			children = (
				5564E93E23A8F9CE0016C533 /* Models */,
				5564E94A23A914720016C533 /* FMPizzaFactory.swift */,
				5564E95223A927140016C533 /* DPFMTester.swift */,
			);
			path = FactoryMethod;
			sourceTree = "<group>";
		};
		5564E93123A8E9850016C533 /* Flyweight */ = {
			isa = PBXGroup;
			children = (
			);
			path = Flyweight;
			sourceTree = "<group>";
		};
		5564E93223A8E98D0016C533 /* Interpreter */ = {
			isa = PBXGroup;
			children = (
			);
			path = Interpreter;
			sourceTree = "<group>";
		};
		5564E93323A8E9950016C533 /* Iterator */ = {
			isa = PBXGroup;
			children = (
			);
			path = Iterator;
			sourceTree = "<group>";
		};
		5564E93423A8E99F0016C533 /* Mediator */ = {
			isa = PBXGroup;
			children = (
			);
			path = Mediator;
			sourceTree = "<group>";
		};
		5564E93523A8E9A80016C533 /* Memento */ = {
			isa = PBXGroup;
			children = (
			);
			path = Memento;
			sourceTree = "<group>";
		};
		5564E93623A8E9C10016C533 /* Observer */ = {
			isa = PBXGroup;
			children = (
			);
			path = Observer;
			sourceTree = "<group>";
		};
		5564E93723A8E9C90016C533 /* Prototype */ = {
			isa = PBXGroup;
			children = (
			);
			path = Prototype;
			sourceTree = "<group>";
		};
		5564E93823A8E9D00016C533 /* Proxy */ = {
			isa = PBXGroup;
			children = (
			);
			path = Proxy;
			sourceTree = "<group>";
		};
		5564E93923A8E9D70016C533 /* Singleton */ = {
			isa = PBXGroup;
			children = (
			);
			path = Singleton;
			sourceTree = "<group>";
		};
		5564E93A23A8E9DE0016C533 /* State */ = {
			isa = PBXGroup;
			children = (
			);
			path = State;
			sourceTree = "<group>";
		};
		5564E93B23A8E9E50016C533 /* Strategy */ = {
			isa = PBXGroup;
			children = (
			);
			path = Strategy;
			sourceTree = "<group>";
		};
		5564E93C23A8E9F30016C533 /* TemplateMethod */ = {
			isa = PBXGroup;
			children = (
			);
			path = TemplateMethod;
			sourceTree = "<group>";
		};
		5564E93D23A8E9FF0016C533 /* Visitor */ = {
			isa = PBXGroup;
			children = (
			);
			path = Visitor;
			sourceTree = "<group>";
		};
		5564E93E23A8F9CE0016C533 /* Models */ = {
			isa = PBXGroup;
			children = (
				5564E94123A911360016C533 /* NYModel */,
				5564E93F23A8FA060016C533 /* FMPizza.swift */,
			);
			path = Models;
			sourceTree = "<group>";
		};
		5564E94123A911360016C533 /* NYModel */ = {
			isa = PBXGroup;
			children = (
				5564E94223A911560016C533 /* FMNYStyleCheesePizza.swift */,
				5564E94423A9129B0016C533 /* FMNYStyleClamPizza.swift */,
				5564E94623A9130B0016C533 /* FMNYStylePepperoniPizza.swift */,
				5564E94823A9137B0016C533 /* FMNYStyleVeggiePizza.swift */,
			);
			path = NYModel;
			sourceTree = "<group>";
		};
		55B0CF2A23A8A60200D4EADB = {
			isa = PBXGroup;
			children = (
				55E4F44923ABC9B600B7BE6A /* README.md */,
				55B0CF3523A8A60200D4EADB /* DesignPatternGOF */,
				55B0CF3423A8A60200D4EADB /* Products */,
			);
			sourceTree = "<group>";
		};
		55B0CF3423A8A60200D4EADB /* Products */ = {
			isa = PBXGroup;
			children = (
				55B0CF3323A8A60200D4EADB /* DesignPatternGOF.app */,
			);
			name = Products;
			sourceTree = "<group>";
		};
		55B0CF3523A8A60200D4EADB /* DesignPatternGOF */ = {
			isa = PBXGroup;
			children = (
				55E4F44B23ABCA3F00B7BE6A /* Resources */,
				5564E92523A8E8EA0016C533 /* Patterns */,
				55B0CF3623A8A60200D4EADB /* AppDelegate.swift */,
				55B0CF3823A8A60200D4EADB /* SceneDelegate.swift */,
				55B0CF3A23A8A60300D4EADB /* ContentView.swift */,
				5564E95023A926DE0016C533 /* DPTester.swift */,
				55B0CF3C23A8A60500D4EADB /* Assets.xcassets */,
				55B0CF4123A8A60500D4EADB /* LaunchScreen.storyboard */,
				55B0CF4423A8A60500D4EADB /* Info.plist */,
				55B0CF3E23A8A60500D4EADB /* Preview Content */,
			);
			path = DesignPatternGOF;
			sourceTree = "<group>";
		};
		55B0CF3E23A8A60500D4EADB /* Preview Content */ = {
			isa = PBXGroup;
			children = (
				55B0CF3F23A8A60500D4EADB /* Preview Assets.xcassets */,
			);
			path = "Preview Content";
			sourceTree = "<group>";
		};
		55E4F44B23ABCA3F00B7BE6A /* Resources */ = {
			isa = PBXGroup;
			children = (
				55E4F44C23ABCA5700B7BE6A /* structure-object-adapter.png */,
			);
			path = Resources;
			sourceTree = "<group>";
		};
/* End PBXGroup section */

/* Begin PBXNativeTarget section */
		55B0CF3223A8A60200D4EADB /* DesignPatternGOF */ = {
			isa = PBXNativeTarget;
			buildConfigurationList = 55B0CF4723A8A60500D4EADB /* Build configuration list for PBXNativeTarget "DesignPatternGOF" */;
			buildPhases = (
				55B0CF2F23A8A60200D4EADB /* Sources */,
				55B0CF3023A8A60200D4EADB /* Frameworks */,
				55B0CF3123A8A60200D4EADB /* Resources */,
			);
			buildRules = (
			);
			dependencies = (
			);
			name = DesignPatternGOF;
			productName = DesignPatternGOF;
			productReference = 55B0CF3323A8A60200D4EADB /* DesignPatternGOF.app */;
			productType = "com.apple.product-type.application";
		};
/* End PBXNativeTarget section */

/* Begin PBXProject section */
		55B0CF2B23A8A60200D4EADB /* Project object */ = {
			isa = PBXProject;
			attributes = {
				LastSwiftUpdateCheck = 1130;
				LastUpgradeCheck = 1130;
				ORGANIZATIONNAME = Anjan;
				TargetAttributes = {
					55B0CF3223A8A60200D4EADB = {
						CreatedOnToolsVersion = 11.3;
					};
				};
			};
			buildConfigurationList = 55B0CF2E23A8A60200D4EADB /* Build configuration list for PBXProject "DesignPatternGOF" */;
			compatibilityVersion = "Xcode 9.3";
			developmentRegion = en;
			hasScannedForEncodings = 0;
			knownRegions = (
				en,
				Base,
			);
			mainGroup = 55B0CF2A23A8A60200D4EADB;
			productRefGroup = 55B0CF3423A8A60200D4EADB /* Products */;
			projectDirPath = "";
			projectRoot = "";
			targets = (
				55B0CF3223A8A60200D4EADB /* DesignPatternGOF */,
			);
		};
/* End PBXProject section */

/* Begin PBXResourcesBuildPhase section */
		55B0CF3123A8A60200D4EADB /* Resources */ = {
			isa = PBXResourcesBuildPhase;
			buildActionMask = 2147483647;
			files = (
				55E4F44D23ABCA5700B7BE6A /* structure-object-adapter.png in Resources */,
				55B0CF4323A8A60500D4EADB /* LaunchScreen.storyboard in Resources */,
				55B0CF4023A8A60500D4EADB /* Preview Assets.xcassets in Resources */,
				55E4F44A23ABC9B600B7BE6A /* README.md in Resources */,
				55E4F44823ABC91A00B7BE6A /* Readme.md in Resources */,
				55B0CF3D23A8A60500D4EADB /* Assets.xcassets in Resources */,
			);
			runOnlyForDeploymentPostprocessing = 0;
		};
/* End PBXResourcesBuildPhase section */

/* Begin PBXSourcesBuildPhase section */
		55B0CF2F23A8A60200D4EADB /* Sources */ = {
			isa = PBXSourcesBuildPhase;
			buildActionMask = 2147483647;
			files = (
				5564E94B23A914720016C533 /* FMPizzaFactory.swift in Sources */,
				55B0CF3723A8A60200D4EADB /* AppDelegate.swift in Sources */,
				5513802C23AA68BA008F9210 /* AFPizza.swift in Sources */,
				5513803123AA692C008F9210 /* AFNYStylePepperoniPizza.swift in Sources */,
				5564E94323A911560016C533 /* FMNYStyleCheesePizza.swift in Sources */,
				5564E94723A9130B0016C533 /* FMNYStylePepperoniPizza.swift in Sources */,
				5513803E23AA6B57008F9210 /* AFPizzaFactory.swift in Sources */,
				5513803723AA69AE008F9210 /* AFBDStyleClamPizza.swift in Sources */,
				5564E94023A8FA060016C533 /* FMPizza.swift in Sources */,
				5513803B23AA69CC008F9210 /* AFBDStyleVeggiePizza.swift in Sources */,
				5513804023AA6C6C008F9210 /* AFNYPizzaFactory.swift in Sources */,
				5564E95323A927140016C533 /* DPFMTester.swift in Sources */,
				55B0CF3923A8A60200D4EADB /* SceneDelegate.swift in Sources */,
				5513803523AA69A0008F9210 /* AFBDStyleCheesePizza.swift in Sources */,
				5513803923AA69BD008F9210 /* AFBDStylePepperoniPizza.swift in Sources */,
				5513803323AA6951008F9210 /* AFNYStyleVeggiePizza.swift in Sources */,
				55E4F44623AA755B00B7BE6A /* DPAFTester.swift in Sources */,
				5513802A23AA6899008F9210 /* AFNYStyleCheesePizza.swift in Sources */,
				55E4F44423AA742400B7BE6A /* AFPizzaProducer.swift in Sources */,
				5564E94923A9137B0016C533 /* FMNYStyleVeggiePizza.swift in Sources */,
				55B0CF3B23A8A60300D4EADB /* ContentView.swift in Sources */,
				5513802E23AA68FE008F9210 /* AFNYStyleClamPizza.swift in Sources */,
				55E4F44223AA72FE00B7BE6A /* AFBDPizzaFactory.swift in Sources */,
				5564E95123A926DE0016C533 /* DPTester.swift in Sources */,
				5564E94523A9129B0016C533 /* FMNYStyleClamPizza.swift in Sources */,
			);
			runOnlyForDeploymentPostprocessing = 0;
		};
/* End PBXSourcesBuildPhase section */

/* Begin PBXVariantGroup section */
		55B0CF4123A8A60500D4EADB /* LaunchScreen.storyboard */ = {
			isa = PBXVariantGroup;
			children = (
				55B0CF4223A8A60500D4EADB /* Base */,
			);
			name = LaunchScreen.storyboard;
			sourceTree = "<group>";
		};
/* End PBXVariantGroup section */

/* Begin XCBuildConfiguration section */
		55B0CF4523A8A60500D4EADB /* Debug */ = {
			isa = XCBuildConfiguration;
			buildSettings = {
				ALWAYS_SEARCH_USER_PATHS = NO;
				CLANG_ANALYZER_NONNULL = YES;
				CLANG_ANALYZER_NUMBER_OBJECT_CONVERSION = YES_AGGRESSIVE;
				CLANG_CXX_LANGUAGE_STANDARD = "gnu++14";
				CLANG_CXX_LIBRARY = "libc++";
				CLANG_ENABLE_MODULES = YES;
				CLANG_ENABLE_OBJC_ARC = YES;
				CLANG_ENABLE_OBJC_WEAK = YES;
				CLANG_WARN_BLOCK_CAPTURE_AUTORELEASING = YES;
				CLANG_WARN_BOOL_CONVERSION = YES;
				CLANG_WARN_COMMA = YES;
				CLANG_WARN_CONSTANT_CONVERSION = YES;
				CLANG_WARN_DEPRECATED_OBJC_IMPLEMENTATIONS = YES;
				CLANG_WARN_DIRECT_OBJC_ISA_USAGE = YES_ERROR;
				CLANG_WARN_DOCUMENTATION_COMMENTS = YES;
				CLANG_WARN_EMPTY_BODY = YES;
				CLANG_WARN_ENUM_CONVERSION = YES;
				CLANG_WARN_INFINITE_RECURSION = YES;
				CLANG_WARN_INT_CONVERSION = YES;
				CLANG_WARN_NON_LITERAL_NULL_CONVERSION = YES;
				CLANG_WARN_OBJC_IMPLICIT_RETAIN_SELF = YES;
				CLANG_WARN_OBJC_LITERAL_CONVERSION = YES;
				CLANG_WARN_OBJC_ROOT_CLASS = YES_ERROR;
				CLANG_WARN_RANGE_LOOP_ANALYSIS = YES;
				CLANG_WARN_STRICT_PROTOTYPES = YES;
				CLANG_WARN_SUSPICIOUS_MOVE = YES;
				CLANG_WARN_UNGUARDED_AVAILABILITY = YES_AGGRESSIVE;
				CLANG_WARN_UNREACHABLE_CODE = YES;
				CLANG_WARN__DUPLICATE_METHOD_MATCH = YES;
				COPY_PHASE_STRIP = NO;
				DEBUG_INFORMATION_FORMAT = dwarf;
				ENABLE_STRICT_OBJC_MSGSEND = YES;
				ENABLE_TESTABILITY = YES;
				GCC_C_LANGUAGE_STANDARD = gnu11;
				GCC_DYNAMIC_NO_PIC = NO;
				GCC_NO_COMMON_BLOCKS = YES;
				GCC_OPTIMIZATION_LEVEL = 0;
				GCC_PREPROCESSOR_DEFINITIONS = (
					"DEBUG=1",
					"$(inherited)",
				);
				GCC_WARN_64_TO_32_BIT_CONVERSION = YES;
				GCC_WARN_ABOUT_RETURN_TYPE = YES_ERROR;
				GCC_WARN_UNDECLARED_SELECTOR = YES;
				GCC_WARN_UNINITIALIZED_AUTOS = YES_AGGRESSIVE;
				GCC_WARN_UNUSED_FUNCTION = YES;
				GCC_WARN_UNUSED_VARIABLE = YES;
				IPHONEOS_DEPLOYMENT_TARGET = 13.0;
				MTL_ENABLE_DEBUG_INFO = INCLUDE_SOURCE;
				MTL_FAST_MATH = YES;
				ONLY_ACTIVE_ARCH = YES;
				SDKROOT = iphoneos;
				SWIFT_ACTIVE_COMPILATION_CONDITIONS = DEBUG;
				SWIFT_OPTIMIZATION_LEVEL = "-Onone";
			};
			name = Debug;
		};
		55B0CF4623A8A60500D4EADB /* Release */ = {
			isa = XCBuildConfiguration;
			buildSettings = {
				ALWAYS_SEARCH_USER_PATHS = NO;
				CLANG_ANALYZER_NONNULL = YES;
				CLANG_ANALYZER_NUMBER_OBJECT_CONVERSION = YES_AGGRESSIVE;
				CLANG_CXX_LANGUAGE_STANDARD = "gnu++14";
				CLANG_CXX_LIBRARY = "libc++";
				CLANG_ENABLE_MODULES = YES;
				CLANG_ENABLE_OBJC_ARC = YES;
				CLANG_ENABLE_OBJC_WEAK = YES;
				CLANG_WARN_BLOCK_CAPTURE_AUTORELEASING = YES;
				CLANG_WARN_BOOL_CONVERSION = YES;
				CLANG_WARN_COMMA = YES;
				CLANG_WARN_CONSTANT_CONVERSION = YES;
				CLANG_WARN_DEPRECATED_OBJC_IMPLEMENTATIONS = YES;
				CLANG_WARN_DIRECT_OBJC_ISA_USAGE = YES_ERROR;
				CLANG_WARN_DOCUMENTATION_COMMENTS = YES;
				CLANG_WARN_EMPTY_BODY = YES;
				CLANG_WARN_ENUM_CONVERSION = YES;
				CLANG_WARN_INFINITE_RECURSION = YES;
				CLANG_WARN_INT_CONVERSION = YES;
				CLANG_WARN_NON_LITERAL_NULL_CONVERSION = YES;
				CLANG_WARN_OBJC_IMPLICIT_RETAIN_SELF = YES;
				CLANG_WARN_OBJC_LITERAL_CONVERSION = YES;
				CLANG_WARN_OBJC_ROOT_CLASS = YES_ERROR;
				CLANG_WARN_RANGE_LOOP_ANALYSIS = YES;
				CLANG_WARN_STRICT_PROTOTYPES = YES;
				CLANG_WARN_SUSPICIOUS_MOVE = YES;
				CLANG_WARN_UNGUARDED_AVAILABILITY = YES_AGGRESSIVE;
				CLANG_WARN_UNREACHABLE_CODE = YES;
				CLANG_WARN__DUPLICATE_METHOD_MATCH = YES;
				COPY_PHASE_STRIP = NO;
				DEBUG_INFORMATION_FORMAT = "dwarf-with-dsym";
				ENABLE_NS_ASSERTIONS = NO;
				ENABLE_STRICT_OBJC_MSGSEND = YES;
				GCC_C_LANGUAGE_STANDARD = gnu11;
				GCC_NO_COMMON_BLOCKS = YES;
				GCC_WARN_64_TO_32_BIT_CONVERSION = YES;
				GCC_WARN_ABOUT_RETURN_TYPE = YES_ERROR;
				GCC_WARN_UNDECLARED_SELECTOR = YES;
				GCC_WARN_UNINITIALIZED_AUTOS = YES_AGGRESSIVE;
				GCC_WARN_UNUSED_FUNCTION = YES;
				GCC_WARN_UNUSED_VARIABLE = YES;
				IPHONEOS_DEPLOYMENT_TARGET = 13.0;
				MTL_ENABLE_DEBUG_INFO = NO;
				MTL_FAST_MATH = YES;
				SDKROOT = iphoneos;
				SWIFT_COMPILATION_MODE = wholemodule;
				SWIFT_OPTIMIZATION_LEVEL = "-O";
				VALIDATE_PRODUCT = YES;
			};
			name = Release;
		};
		55B0CF4823A8A60500D4EADB /* Debug */ = {
			isa = XCBuildConfiguration;
			buildSettings = {
				ASSETCATALOG_COMPILER_APPICON_NAME = AppIcon;
				CODE_SIGN_STYLE = Automatic;
				DEVELOPMENT_ASSET_PATHS = "\"DesignPatternGOF/Preview Content\"";
				DEVELOPMENT_TEAM = 96NM38U4RS;
				ENABLE_PREVIEWS = YES;
				INFOPLIST_FILE = DesignPatternGOF/Info.plist;
				LD_RUNPATH_SEARCH_PATHS = (
					"$(inherited)",
					"@executable_path/Frameworks",
				);
				PRODUCT_BUNDLE_IDENTIFIER = com.anjan.designPatternGOF;
				PRODUCT_NAME = "$(TARGET_NAME)";
				SWIFT_VERSION = 5.0;
				TARGETED_DEVICE_FAMILY = 1;
			};
			name = Debug;
		};
		55B0CF4923A8A60500D4EADB /* Release */ = {
			isa = XCBuildConfiguration;
			buildSettings = {
				ASSETCATALOG_COMPILER_APPICON_NAME = AppIcon;
				CODE_SIGN_STYLE = Automatic;
				DEVELOPMENT_ASSET_PATHS = "\"DesignPatternGOF/Preview Content\"";
				DEVELOPMENT_TEAM = 96NM38U4RS;
				ENABLE_PREVIEWS = YES;
				INFOPLIST_FILE = DesignPatternGOF/Info.plist;
				LD_RUNPATH_SEARCH_PATHS = (
					"$(inherited)",
					"@executable_path/Frameworks",
				);
				PRODUCT_BUNDLE_IDENTIFIER = com.anjan.designPatternGOF;
				PRODUCT_NAME = "$(TARGET_NAME)";
				SWIFT_VERSION = 5.0;
				TARGETED_DEVICE_FAMILY = 1;
			};
			name = Release;
		};
/* End XCBuildConfiguration section */

/* Begin XCConfigurationList section */
		55B0CF2E23A8A60200D4EADB /* Build configuration list for PBXProject "DesignPatternGOF" */ = {
			isa = XCConfigurationList;
			buildConfigurations = (
				55B0CF4523A8A60500D4EADB /* Debug */,
				55B0CF4623A8A60500D4EADB /* Release */,
			);
			defaultConfigurationIsVisible = 0;
			defaultConfigurationName = Release;
		};
		55B0CF4723A8A60500D4EADB /* Build configuration list for PBXNativeTarget "DesignPatternGOF" */ = {
			isa = XCConfigurationList;
			buildConfigurations = (
				55B0CF4823A8A60500D4EADB /* Debug */,
				55B0CF4923A8A60500D4EADB /* Release */,
			);
			defaultConfigurationIsVisible = 0;
			defaultConfigurationName = Release;
		};
/* End XCConfigurationList section */
	};
	rootObject = 55B0CF2B23A8A60200D4EADB /* Project object */;
}
